// !$*UTF8*$!
{
	archiveVersion = 1;
	classes = {
	};
	objectVersion = 46;
	objects = {

/* Begin PBXBuildFile section */
		9647ACA3194AD89300F6A4AF /* DefaultTheme.m in Sources */ = {isa = PBXBuildFile; fileRef = 9647ACA0194AD89300F6A4AF /* DefaultTheme.m */; };
		9647ACA4194AD89300F6A4AF /* Theme.m in Sources */ = {isa = PBXBuildFile; fileRef = 9647ACA2194AD89300F6A4AF /* Theme.m */; };
		964A6BD3194E2C180024B3C2 /* UIView+Shadow.m in Sources */ = {isa = PBXBuildFile; fileRef = 964A6BD0194E2C180024B3C2 /* UIView+Shadow.m */; };
		964A6BD4194E2C180024B3C2 /* UIView+Edge.m in Sources */ = {isa = PBXBuildFile; fileRef = 964A6BD2194E2C180024B3C2 /* UIView+Edge.m */; };
		964A6BD7194E31C40024B3C2 /* OnboardUserDetailsViewController.m in Sources */ = {isa = PBXBuildFile; fileRef = 964A6BD6194E31C40024B3C2 /* OnboardUserDetailsViewController.m */; };
		964A6BDA194E35DE0024B3C2 /* OnboardNavigationController.m in Sources */ = {isa = PBXBuildFile; fileRef = 964A6BD9194E35DE0024B3C2 /* OnboardNavigationController.m */; };
		964A6BDD194E5E120024B3C2 /* OnboardJobViewController.m in Sources */ = {isa = PBXBuildFile; fileRef = 964A6BDC194E5E120024B3C2 /* OnboardJobViewController.m */; };
		964A6BE0194E66480024B3C2 /* OnboardSelectOfficeViewController.m in Sources */ = {isa = PBXBuildFile; fileRef = 964A6BDF194E66480024B3C2 /* OnboardSelectOfficeViewController.m */; };
		964A6BE3194E6B9B0024B3C2 /* OnboardAddOfficeViewController.m in Sources */ = {isa = PBXBuildFile; fileRef = 964A6BE2194E6B9B0024B3C2 /* OnboardAddOfficeViewController.m */; };
		964A6BE6194F2FB90024B3C2 /* DatePickerModalView.m in Sources */ = {isa = PBXBuildFile; fileRef = 964A6BE5194F2FB90024B3C2 /* DatePickerModalView.m */; };
		964A6BE9194F39620024B3C2 /* MessageThreadPreviewCell.m in Sources */ = {isa = PBXBuildFile; fileRef = 964A6BE8194F39620024B3C2 /* MessageThreadPreviewCell.m */; };
		964A6BEC194F6B760024B3C2 /* User+FindAllExcludeCurrent.m in Sources */ = {isa = PBXBuildFile; fileRef = 964A6BEB194F6B760024B3C2 /* User+FindAllExcludeCurrent.m */; };
		964A6BEF194F8F7A0024B3C2 /* OnboardLocationPermissionViewController.m in Sources */ = {isa = PBXBuildFile; fileRef = 964A6BEE194F8F7A0024B3C2 /* OnboardLocationPermissionViewController.m */; };
		964A6BF2194F93250024B3C2 /* OnboardPushPermissionViewController.m in Sources */ = {isa = PBXBuildFile; fileRef = 964A6BF1194F93250024B3C2 /* OnboardPushPermissionViewController.m */; };
		96696330194B5061003B22B5 /* NotificationManager.m in Sources */ = {isa = PBXBuildFile; fileRef = 9669632F194B5061003B22B5 /* NotificationManager.m */; };
		96696333194B6CF7003B22B5 /* Constants.m in Sources */ = {isa = PBXBuildFile; fileRef = 96696332194B6CF7003B22B5 /* Constants.m */; };
		96696337194E2018003B22B5 /* FormView.m in Sources */ = {isa = PBXBuildFile; fileRef = 96696336194E2018003B22B5 /* FormView.m */; };
		9669633B194E262F003B22B5 /* EmailLoginViewController.m in Sources */ = {isa = PBXBuildFile; fileRef = 9669633A194E262F003B22B5 /* EmailLoginViewController.m */; };
		968254DE195494770036955A /* NSDate+BadgeFormattedDate.m in Sources */ = {isa = PBXBuildFile; fileRef = 968254DD195494770036955A /* NSDate+BadgeFormattedDate.m */; };
		969B8700195285DF00090B49 /* OnboardSelectDepartmentViewController.m in Sources */ = {isa = PBXBuildFile; fileRef = 969B86FF195285DF00090B49 /* OnboardSelectDepartmentViewController.m */; };
		96C2CF9B19577EBC00E77CFD /* EditProfileViewController.m in Sources */ = {isa = PBXBuildFile; fileRef = 96C2CF9A19577EBC00E77CFD /* EditProfileViewController.m */; };
		96C2CF9F19577EE300E77CFD /* SettingsViewController.m in Sources */ = {isa = PBXBuildFile; fileRef = 96C2CF9E19577EE300E77CFD /* SettingsViewController.m */; };
		96DB2DFE19539E27005E1F93 /* OnboardSelectManagersViewControllers.m in Sources */ = {isa = PBXBuildFile; fileRef = 96DB2DFD19539E27005E1F93 /* OnboardSelectManagersViewControllers.m */; };
		CB0418601948C59600B3DE97 /* ContactInfoTableViewCell.m in Sources */ = {isa = PBXBuildFile; fileRef = CB04185E1948C59600B3DE97 /* ContactInfoTableViewCell.m */; };
		CB0418611948C59600B3DE97 /* ContactInfoTableViewCell.xib in Resources */ = {isa = PBXBuildFile; fileRef = CB04185F1948C59600B3DE97 /* ContactInfoTableViewCell.xib */; };
		CB0418651949310300B3DE97 /* DepartmentsTableViewController.m in Sources */ = {isa = PBXBuildFile; fileRef = CB0418641949310300B3DE97 /* DepartmentsTableViewController.m */; };
		CB041868194A2FFE00B3DE97 /* Department.m in Sources */ = {isa = PBXBuildFile; fileRef = CB041867194A2FFE00B3DE97 /* Department.m */; };
		CB04186B194A338900B3DE97 /* DepartmentContactsTableViewController.m in Sources */ = {isa = PBXBuildFile; fileRef = CB04186A194A338900B3DE97 /* DepartmentContactsTableViewController.m */; };
		CB04186E194A358600B3DE97 /* DepartmentCell.m in Sources */ = {isa = PBXBuildFile; fileRef = CB04186D194A358600B3DE97 /* DepartmentCell.m */; };
		CB0E71A8194897B0002B2B58 /* ContactDetailsDataSource.m in Sources */ = {isa = PBXBuildFile; fileRef = CB0E71A7194897B0002B2B58 /* ContactDetailsDataSource.m */; };
		CB0E71AF1948BA5E002B2B58 /* ContactSectionViewController.m in Sources */ = {isa = PBXBuildFile; fileRef = CB0E71AD1948BA5E002B2B58 /* ContactSectionViewController.m */; };
		CB0E71B01948BA5E002B2B58 /* ContactSectionViewController.xib in Resources */ = {isa = PBXBuildFile; fileRef = CB0E71AE1948BA5E002B2B58 /* ContactSectionViewController.xib */; };
		CB1F31A91931599000CDCFD4 /* MessageThread.m in Sources */ = {isa = PBXBuildFile; fileRef = CB1F31A81931599000CDCFD4 /* MessageThread.m */; };
		CB1F31AC1931599100CDCFD4 /* Message.m in Sources */ = {isa = PBXBuildFile; fileRef = CB1F31AB1931599100CDCFD4 /* Message.m */; };
		CB1F31AF19315A6700CDCFD4 /* MessageThreadViewController.m in Sources */ = {isa = PBXBuildFile; fileRef = CB1F31AE19315A6700CDCFD4 /* MessageThreadViewController.m */; };
		CB1F31B41931749D00CDCFD4 /* SinchClient.m in Sources */ = {isa = PBXBuildFile; fileRef = CB1F31B31931749D00CDCFD4 /* SinchClient.m */; };
		CB1F31B6193178E400CDCFD4 /* libsqlite3.dylib in Frameworks */ = {isa = PBXBuildFile; fileRef = CB1F31B5193178E400CDCFD4 /* libsqlite3.dylib */; };
		CB1F31B8193178EE00CDCFD4 /* Security.framework in Frameworks */ = {isa = PBXBuildFile; fileRef = CB1F31B7193178EE00CDCFD4 /* Security.framework */; };
		CB1F31BA193178FF00CDCFD4 /* AudioToolbox.framework in Frameworks */ = {isa = PBXBuildFile; fileRef = CB1F31B9193178FF00CDCFD4 /* AudioToolbox.framework */; };
		CB1F31BC1931791A00CDCFD4 /* SystemConfiguration.framework in Frameworks */ = {isa = PBXBuildFile; fileRef = CB1F31BB1931791A00CDCFD4 /* SystemConfiguration.framework */; };
		CB1F31BE19317BE400CDCFD4 /* AVFoundation.framework in Frameworks */ = {isa = PBXBuildFile; fileRef = CB1F31BD19317BE400CDCFD4 /* AVFoundation.framework */; };
		CB1F31C01931853200CDCFD4 /* Sinch.framework in Frameworks */ = {isa = PBXBuildFile; fileRef = CB1F31BF1931853200CDCFD4 /* Sinch.framework */; };
		CB1F31C21931872E00CDCFD4 /* libstdc++.6.0.9.dylib in Frameworks */ = {isa = PBXBuildFile; fileRef = CB1F31C11931872E00CDCFD4 /* libstdc++.6.0.9.dylib */; };
		CB1F31C51931A12600CDCFD4 /* NewThreadTableViewController.m in Sources */ = {isa = PBXBuildFile; fileRef = CB1F31C41931A12600CDCFD4 /* NewThreadTableViewController.m */; };
		CB1F31C919325D8600CDCFD4 /* ContactViewController.m in Sources */ = {isa = PBXBuildFile; fileRef = CB1F31C719325D8600CDCFD4 /* ContactViewController.m */; };
		CB1F31CA19325D8600CDCFD4 /* ContactViewController.xib in Resources */ = {isa = PBXBuildFile; fileRef = CB1F31C819325D8600CDCFD4 /* ContactViewController.xib */; };
		CB1F31CC193261B000CDCFD4 /* MessageUI.framework in Frameworks */ = {isa = PBXBuildFile; fileRef = CB1F31CB193261B000CDCFD4 /* MessageUI.framework */; };
		CB1F31D01932746F00CDCFD4 /* AccountViewController.m in Sources */ = {isa = PBXBuildFile; fileRef = CB1F31CE1932746F00CDCFD4 /* AccountViewController.m */; };
		CB1F31D11932746F00CDCFD4 /* AccountViewController.xib in Resources */ = {isa = PBXBuildFile; fileRef = CB1F31CF1932746F00CDCFD4 /* AccountViewController.xib */; };
		CB1F31D419327B6000CDCFD4 /* OfficeLocation.m in Sources */ = {isa = PBXBuildFile; fileRef = CB1F31D319327B6000CDCFD4 /* OfficeLocation.m */; };
		CB1F31D619327BAA00CDCFD4 /* CoreLocation.framework in Frameworks */ = {isa = PBXBuildFile; fileRef = CB1F31D519327BAA00CDCFD4 /* CoreLocation.framework */; };
		CB1F31D919327FC600CDCFD4 /* Geofencer.m in Sources */ = {isa = PBXBuildFile; fileRef = CB1F31D819327FC600CDCFD4 /* Geofencer.m */; };
		CB354D30194A48B400E537C2 /* EventKit.framework in Frameworks */ = {isa = PBXBuildFile; fileRef = CB354D2E194A48B400E537C2 /* EventKit.framework */; };
		CB354D31194A48B400E537C2 /* EventKitUI.framework in Frameworks */ = {isa = PBXBuildFile; fileRef = CB354D2F194A48B400E537C2 /* EventKitUI.framework */; };
		CB354D34194B710E00E537C2 /* Company.m in Sources */ = {isa = PBXBuildFile; fileRef = CB354D33194B710E00E537C2 /* Company.m */; };
		CBA5D0721936B8FA0044BBCC /* Reveal.framework in Frameworks */ = {isa = PBXBuildFile; fileRef = CBA5D0711936B8FA0044BBCC /* Reveal.framework */; };
		CBA5D0781936BB280044BBCC /* Whitney-Book.otf in Resources */ = {isa = PBXBuildFile; fileRef = CBA5D0751936BB070044BBCC /* Whitney-Book.otf */; };
		CBA5D0791936BB2B0044BBCC /* Whitney-Medium.otf in Resources */ = {isa = PBXBuildFile; fileRef = CBA5D0761936BB070044BBCC /* Whitney-Medium.otf */; };
		CBA5D07A1936BB2D0044BBCC /* Whitney-Semibold.otf in Resources */ = {isa = PBXBuildFile; fileRef = CBA5D0771936BB070044BBCC /* Whitney-Semibold.otf */; };
		CBA5D0831936BD4D0044BBCC /* ContactCell.m in Sources */ = {isa = PBXBuildFile; fileRef = CBA5D0821936BD4D0044BBCC /* ContactCell.m */; };
		CBB5183D194A3F04001C2E0C /* SDCEmbeddedSegmentSegue.m in Sources */ = {isa = PBXBuildFile; fileRef = CBB5183A194A3F04001C2E0C /* SDCEmbeddedSegmentSegue.m */; };
		CBB5183E194A3F04001C2E0C /* SDCSegmentedViewController.m in Sources */ = {isa = PBXBuildFile; fileRef = CBB5183C194A3F04001C2E0C /* SDCSegmentedViewController.m */; };
		CBBA6863192FD646005A6949 /* Foundation.framework in Frameworks */ = {isa = PBXBuildFile; fileRef = CBBA6862192FD646005A6949 /* Foundation.framework */; };
		CBBA6865192FD646005A6949 /* CoreGraphics.framework in Frameworks */ = {isa = PBXBuildFile; fileRef = CBBA6864192FD646005A6949 /* CoreGraphics.framework */; };
		CBBA6867192FD646005A6949 /* UIKit.framework in Frameworks */ = {isa = PBXBuildFile; fileRef = CBBA6866192FD646005A6949 /* UIKit.framework */; };
		CBBA6869192FD646005A6949 /* CoreData.framework in Frameworks */ = {isa = PBXBuildFile; fileRef = CBBA6868192FD646005A6949 /* CoreData.framework */; };
		CBBA686F192FD646005A6949 /* InfoPlist.strings in Resources */ = {isa = PBXBuildFile; fileRef = CBBA686D192FD646005A6949 /* InfoPlist.strings */; };
		CBBA6871192FD646005A6949 /* main.m in Sources */ = {isa = PBXBuildFile; fileRef = CBBA6870192FD646005A6949 /* main.m */; };
		CBBA6875192FD646005A6949 /* AppDelegate.m in Sources */ = {isa = PBXBuildFile; fileRef = CBBA6874192FD646005A6949 /* AppDelegate.m */; };
		CBBA6878192FD646005A6949 /* Headshot.xcdatamodeld in Sources */ = {isa = PBXBuildFile; fileRef = CBBA6876192FD646005A6949 /* Headshot.xcdatamodeld */; };
		CBBA687A192FD646005A6949 /* Images.xcassets in Resources */ = {isa = PBXBuildFile; fileRef = CBBA6879192FD646005A6949 /* Images.xcassets */; };
		CBBA6881192FD646005A6949 /* XCTest.framework in Frameworks */ = {isa = PBXBuildFile; fileRef = CBBA6880192FD646005A6949 /* XCTest.framework */; };
		CBBA6882192FD646005A6949 /* Foundation.framework in Frameworks */ = {isa = PBXBuildFile; fileRef = CBBA6862192FD646005A6949 /* Foundation.framework */; };
		CBBA6883192FD646005A6949 /* UIKit.framework in Frameworks */ = {isa = PBXBuildFile; fileRef = CBBA6866192FD646005A6949 /* UIKit.framework */; };
		CBBA6884192FD646005A6949 /* CoreData.framework in Frameworks */ = {isa = PBXBuildFile; fileRef = CBBA6868192FD646005A6949 /* CoreData.framework */; };
		CBBA688C192FD646005A6949 /* InfoPlist.strings in Resources */ = {isa = PBXBuildFile; fileRef = CBBA688A192FD646005A6949 /* InfoPlist.strings */; };
		CBBA688E192FD646005A6949 /* Headshot_iosTests.m in Sources */ = {isa = PBXBuildFile; fileRef = CBBA688D192FD646005A6949 /* Headshot_iosTests.m */; };
		CBBA68A0192FD850005A6949 /* Store.m in Sources */ = {isa = PBXBuildFile; fileRef = CBBA6899192FD850005A6949 /* Store.m */; };
		CBBA68A2192FD850005A6949 /* TRDataStoreManager.m in Sources */ = {isa = PBXBuildFile; fileRef = CBBA689D192FD850005A6949 /* TRDataStoreManager.m */; };
		CBBA68A3192FD850005A6949 /* TRBackgroundQueue.m in Sources */ = {isa = PBXBuildFile; fileRef = CBBA689F192FD850005A6949 /* TRBackgroundQueue.m */; };
		CBBA68AB192FD8FD005A6949 /* TRJSONResponseSerializerWithData.m in Sources */ = {isa = PBXBuildFile; fileRef = CBBA68A6192FD8FD005A6949 /* TRJSONResponseSerializerWithData.m */; };
		CBBA68AC192FD8FD005A6949 /* HeadshotAPIClient.m in Sources */ = {isa = PBXBuildFile; fileRef = CBBA68A8192FD8FD005A6949 /* HeadshotAPIClient.m */; };
		CBBA68AD192FD8FD005A6949 /* HeadshotRequestAPIClient.m in Sources */ = {isa = PBXBuildFile; fileRef = CBBA68AA192FD8FD005A6949 /* HeadshotRequestAPIClient.m */; };
		CBBA68C0192FDE72005A6949 /* CredentialStore.m in Sources */ = {isa = PBXBuildFile; fileRef = CBBA68BF192FDE72005A6949 /* CredentialStore.m */; };
		CBBA68D8192FE0B5005A6949 /* EmployeeInfo.m in Sources */ = {isa = PBXBuildFile; fileRef = CBBA68D7192FE0B5005A6949 /* EmployeeInfo.m */; };
		CBBA68DB192FE0B5005A6949 /* Account.m in Sources */ = {isa = PBXBuildFile; fileRef = CBBA68DA192FE0B5005A6949 /* Account.m */; };
		CBBA68DE192FE0B5005A6949 /* User.m in Sources */ = {isa = PBXBuildFile; fileRef = CBBA68DD192FE0B5005A6949 /* User.m */; };
		CBBA68E2192FE16F005A6949 /* TRTabBarController.m in Sources */ = {isa = PBXBuildFile; fileRef = CBBA68E1192FE16F005A6949 /* TRTabBarController.m */; };
		CBBA68E7192FE185005A6949 /* LoginViewController.m in Sources */ = {isa = PBXBuildFile; fileRef = CBBA68E5192FE185005A6949 /* LoginViewController.m */; };
		CBBA68E8192FE185005A6949 /* LoginViewController.xib in Resources */ = {isa = PBXBuildFile; fileRef = CBBA68E6192FE185005A6949 /* LoginViewController.xib */; };
		CBBA68EB192FE19D005A6949 /* TRNavigationController.m in Sources */ = {isa = PBXBuildFile; fileRef = CBBA68EA192FE19D005A6949 /* TRNavigationController.m */; };
		CBBA68F7192FE262005A6949 /* ContactsTableViewController.m in Sources */ = {isa = PBXBuildFile; fileRef = CBBA68F6192FE262005A6949 /* ContactsTableViewController.m */; };
		CBBA68FA192FE26C005A6949 /* MessagesTableViewController.m in Sources */ = {isa = PBXBuildFile; fileRef = CBBA68F9192FE26C005A6949 /* MessagesTableViewController.m */; };
		CBBA68FD192FE474005A6949 /* ContactsDataSource.m in Sources */ = {isa = PBXBuildFile; fileRef = CBBA68FC192FE474005A6949 /* ContactsDataSource.m */; };
		F1A7FF02C0DB4282BEE66FD2 /* libPods.a in Frameworks */ = {isa = PBXBuildFile; fileRef = 426C573043D24799B16F4828 /* libPods.a */; };
/* End PBXBuildFile section */

/* Begin PBXContainerItemProxy section */
		CBBA6885192FD646005A6949 /* PBXContainerItemProxy */ = {
			isa = PBXContainerItemProxy;
			containerPortal = CBBA6857192FD646005A6949 /* Project object */;
			proxyType = 1;
			remoteGlobalIDString = CBBA685E192FD646005A6949;
			remoteInfo = "Headshot-ios";
		};
/* End PBXContainerItemProxy section */

/* Begin PBXFileReference section */
		30B39923FA64452EB4653D38 /* Pods.xcconfig */ = {isa = PBXFileReference; includeInIndex = 1; lastKnownFileType = text.xcconfig; name = Pods.xcconfig; path = Pods/Pods.xcconfig; sourceTree = "<group>"; };
		426C573043D24799B16F4828 /* libPods.a */ = {isa = PBXFileReference; explicitFileType = archive.ar; includeInIndex = 0; path = libPods.a; sourceTree = BUILT_PRODUCTS_DIR; };
		9647AC9F194AD89300F6A4AF /* DefaultTheme.h */ = {isa = PBXFileReference; fileEncoding = 4; lastKnownFileType = sourcecode.c.h; path = DefaultTheme.h; sourceTree = "<group>"; };
		9647ACA0194AD89300F6A4AF /* DefaultTheme.m */ = {isa = PBXFileReference; fileEncoding = 4; lastKnownFileType = sourcecode.c.objc; path = DefaultTheme.m; sourceTree = "<group>"; };
		9647ACA1194AD89300F6A4AF /* Theme.h */ = {isa = PBXFileReference; fileEncoding = 4; lastKnownFileType = sourcecode.c.h; path = Theme.h; sourceTree = "<group>"; };
		9647ACA2194AD89300F6A4AF /* Theme.m */ = {isa = PBXFileReference; fileEncoding = 4; lastKnownFileType = sourcecode.c.objc; path = Theme.m; sourceTree = "<group>"; };
		964A6BCF194E2C180024B3C2 /* UIView+Shadow.h */ = {isa = PBXFileReference; fileEncoding = 4; lastKnownFileType = sourcecode.c.h; path = "UIView+Shadow.h"; sourceTree = "<group>"; };
		964A6BD0194E2C180024B3C2 /* UIView+Shadow.m */ = {isa = PBXFileReference; fileEncoding = 4; lastKnownFileType = sourcecode.c.objc; path = "UIView+Shadow.m"; sourceTree = "<group>"; };
		964A6BD1194E2C180024B3C2 /* UIView+Edge.h */ = {isa = PBXFileReference; fileEncoding = 4; lastKnownFileType = sourcecode.c.h; path = "UIView+Edge.h"; sourceTree = "<group>"; };
		964A6BD2194E2C180024B3C2 /* UIView+Edge.m */ = {isa = PBXFileReference; fileEncoding = 4; lastKnownFileType = sourcecode.c.objc; path = "UIView+Edge.m"; sourceTree = "<group>"; };
		964A6BD5194E31C40024B3C2 /* OnboardUserDetailsViewController.h */ = {isa = PBXFileReference; fileEncoding = 4; lastKnownFileType = sourcecode.c.h; path = OnboardUserDetailsViewController.h; sourceTree = "<group>"; };
		964A6BD6194E31C40024B3C2 /* OnboardUserDetailsViewController.m */ = {isa = PBXFileReference; fileEncoding = 4; lastKnownFileType = sourcecode.c.objc; path = OnboardUserDetailsViewController.m; sourceTree = "<group>"; };
		964A6BD8194E35DE0024B3C2 /* OnboardNavigationController.h */ = {isa = PBXFileReference; fileEncoding = 4; lastKnownFileType = sourcecode.c.h; path = OnboardNavigationController.h; sourceTree = "<group>"; };
		964A6BD9194E35DE0024B3C2 /* OnboardNavigationController.m */ = {isa = PBXFileReference; fileEncoding = 4; lastKnownFileType = sourcecode.c.objc; path = OnboardNavigationController.m; sourceTree = "<group>"; };
		964A6BDB194E5E120024B3C2 /* OnboardJobViewController.h */ = {isa = PBXFileReference; fileEncoding = 4; lastKnownFileType = sourcecode.c.h; path = OnboardJobViewController.h; sourceTree = "<group>"; };
		964A6BDC194E5E120024B3C2 /* OnboardJobViewController.m */ = {isa = PBXFileReference; fileEncoding = 4; lastKnownFileType = sourcecode.c.objc; path = OnboardJobViewController.m; sourceTree = "<group>"; };
		964A6BDE194E66480024B3C2 /* OnboardSelectOfficeViewController.h */ = {isa = PBXFileReference; fileEncoding = 4; lastKnownFileType = sourcecode.c.h; path = OnboardSelectOfficeViewController.h; sourceTree = "<group>"; };
		964A6BDF194E66480024B3C2 /* OnboardSelectOfficeViewController.m */ = {isa = PBXFileReference; fileEncoding = 4; lastKnownFileType = sourcecode.c.objc; path = OnboardSelectOfficeViewController.m; sourceTree = "<group>"; };
		964A6BE1194E6B9B0024B3C2 /* OnboardAddOfficeViewController.h */ = {isa = PBXFileReference; fileEncoding = 4; lastKnownFileType = sourcecode.c.h; path = OnboardAddOfficeViewController.h; sourceTree = "<group>"; };
		964A6BE2194E6B9B0024B3C2 /* OnboardAddOfficeViewController.m */ = {isa = PBXFileReference; fileEncoding = 4; lastKnownFileType = sourcecode.c.objc; path = OnboardAddOfficeViewController.m; sourceTree = "<group>"; };
		964A6BE4194F2FB90024B3C2 /* DatePickerModalView.h */ = {isa = PBXFileReference; fileEncoding = 4; lastKnownFileType = sourcecode.c.h; path = DatePickerModalView.h; sourceTree = "<group>"; };
		964A6BE5194F2FB90024B3C2 /* DatePickerModalView.m */ = {isa = PBXFileReference; fileEncoding = 4; lastKnownFileType = sourcecode.c.objc; path = DatePickerModalView.m; sourceTree = "<group>"; };
		964A6BE7194F39620024B3C2 /* MessageThreadPreviewCell.h */ = {isa = PBXFileReference; fileEncoding = 4; lastKnownFileType = sourcecode.c.h; path = MessageThreadPreviewCell.h; sourceTree = "<group>"; };
		964A6BE8194F39620024B3C2 /* MessageThreadPreviewCell.m */ = {isa = PBXFileReference; fileEncoding = 4; lastKnownFileType = sourcecode.c.objc; path = MessageThreadPreviewCell.m; sourceTree = "<group>"; };
		964A6BEA194F6B760024B3C2 /* User+FindAllExcludeCurrent.h */ = {isa = PBXFileReference; fileEncoding = 4; lastKnownFileType = sourcecode.c.h; path = "User+FindAllExcludeCurrent.h"; sourceTree = "<group>"; };
		964A6BEB194F6B760024B3C2 /* User+FindAllExcludeCurrent.m */ = {isa = PBXFileReference; fileEncoding = 4; lastKnownFileType = sourcecode.c.objc; path = "User+FindAllExcludeCurrent.m"; sourceTree = "<group>"; };
		964A6BED194F8F7A0024B3C2 /* OnboardLocationPermissionViewController.h */ = {isa = PBXFileReference; fileEncoding = 4; lastKnownFileType = sourcecode.c.h; path = OnboardLocationPermissionViewController.h; sourceTree = "<group>"; };
		964A6BEE194F8F7A0024B3C2 /* OnboardLocationPermissionViewController.m */ = {isa = PBXFileReference; fileEncoding = 4; lastKnownFileType = sourcecode.c.objc; path = OnboardLocationPermissionViewController.m; sourceTree = "<group>"; };
		964A6BF0194F93250024B3C2 /* OnboardPushPermissionViewController.h */ = {isa = PBXFileReference; fileEncoding = 4; lastKnownFileType = sourcecode.c.h; path = OnboardPushPermissionViewController.h; sourceTree = "<group>"; };
		964A6BF1194F93250024B3C2 /* OnboardPushPermissionViewController.m */ = {isa = PBXFileReference; fileEncoding = 4; lastKnownFileType = sourcecode.c.objc; path = OnboardPushPermissionViewController.m; sourceTree = "<group>"; };
		9669632E194B5061003B22B5 /* NotificationManager.h */ = {isa = PBXFileReference; fileEncoding = 4; lastKnownFileType = sourcecode.c.h; path = NotificationManager.h; sourceTree = "<group>"; };
		9669632F194B5061003B22B5 /* NotificationManager.m */ = {isa = PBXFileReference; fileEncoding = 4; lastKnownFileType = sourcecode.c.objc; path = NotificationManager.m; sourceTree = "<group>"; };
		96696331194B6CF7003B22B5 /* Constants.h */ = {isa = PBXFileReference; fileEncoding = 4; lastKnownFileType = sourcecode.c.h; path = Constants.h; sourceTree = "<group>"; };
		96696332194B6CF7003B22B5 /* Constants.m */ = {isa = PBXFileReference; fileEncoding = 4; lastKnownFileType = sourcecode.c.objc; path = Constants.m; sourceTree = "<group>"; };
		96696335194E2018003B22B5 /* FormView.h */ = {isa = PBXFileReference; fileEncoding = 4; lastKnownFileType = sourcecode.c.h; path = FormView.h; sourceTree = "<group>"; };
		96696336194E2018003B22B5 /* FormView.m */ = {isa = PBXFileReference; fileEncoding = 4; lastKnownFileType = sourcecode.c.objc; path = FormView.m; sourceTree = "<group>"; };
		96696339194E262F003B22B5 /* EmailLoginViewController.h */ = {isa = PBXFileReference; fileEncoding = 4; lastKnownFileType = sourcecode.c.h; path = EmailLoginViewController.h; sourceTree = "<group>"; };
		9669633A194E262F003B22B5 /* EmailLoginViewController.m */ = {isa = PBXFileReference; fileEncoding = 4; lastKnownFileType = sourcecode.c.objc; path = EmailLoginViewController.m; sourceTree = "<group>"; };
		968254DC195494770036955A /* NSDate+BadgeFormattedDate.h */ = {isa = PBXFileReference; fileEncoding = 4; lastKnownFileType = sourcecode.c.h; path = "NSDate+BadgeFormattedDate.h"; sourceTree = "<group>"; };
		968254DD195494770036955A /* NSDate+BadgeFormattedDate.m */ = {isa = PBXFileReference; fileEncoding = 4; lastKnownFileType = sourcecode.c.objc; path = "NSDate+BadgeFormattedDate.m"; sourceTree = "<group>"; };
		969B86FE195285DF00090B49 /* OnboardSelectDepartmentViewController.h */ = {isa = PBXFileReference; fileEncoding = 4; lastKnownFileType = sourcecode.c.h; path = OnboardSelectDepartmentViewController.h; sourceTree = "<group>"; };
		969B86FF195285DF00090B49 /* OnboardSelectDepartmentViewController.m */ = {isa = PBXFileReference; fileEncoding = 4; lastKnownFileType = sourcecode.c.objc; path = OnboardSelectDepartmentViewController.m; sourceTree = "<group>"; };
		96C2CF9919577EBC00E77CFD /* EditProfileViewController.h */ = {isa = PBXFileReference; fileEncoding = 4; lastKnownFileType = sourcecode.c.h; path = EditProfileViewController.h; sourceTree = "<group>"; };
		96C2CF9A19577EBC00E77CFD /* EditProfileViewController.m */ = {isa = PBXFileReference; fileEncoding = 4; lastKnownFileType = sourcecode.c.objc; path = EditProfileViewController.m; sourceTree = "<group>"; };
		96C2CF9D19577EE300E77CFD /* SettingsViewController.h */ = {isa = PBXFileReference; fileEncoding = 4; lastKnownFileType = sourcecode.c.h; path = SettingsViewController.h; sourceTree = "<group>"; };
		96C2CF9E19577EE300E77CFD /* SettingsViewController.m */ = {isa = PBXFileReference; fileEncoding = 4; lastKnownFileType = sourcecode.c.objc; path = SettingsViewController.m; sourceTree = "<group>"; };
		96DB2DFC19539E27005E1F93 /* OnboardSelectManagersViewControllers.h */ = {isa = PBXFileReference; fileEncoding = 4; lastKnownFileType = sourcecode.c.h; path = OnboardSelectManagersViewControllers.h; sourceTree = "<group>"; };
		96DB2DFD19539E27005E1F93 /* OnboardSelectManagersViewControllers.m */ = {isa = PBXFileReference; fileEncoding = 4; lastKnownFileType = sourcecode.c.objc; path = OnboardSelectManagersViewControllers.m; sourceTree = "<group>"; };
		CB04185D1948C59600B3DE97 /* ContactInfoTableViewCell.h */ = {isa = PBXFileReference; fileEncoding = 4; lastKnownFileType = sourcecode.c.h; path = ContactInfoTableViewCell.h; sourceTree = "<group>"; };
		CB04185E1948C59600B3DE97 /* ContactInfoTableViewCell.m */ = {isa = PBXFileReference; fileEncoding = 4; lastKnownFileType = sourcecode.c.objc; path = ContactInfoTableViewCell.m; sourceTree = "<group>"; };
		CB04185F1948C59600B3DE97 /* ContactInfoTableViewCell.xib */ = {isa = PBXFileReference; fileEncoding = 4; lastKnownFileType = file.xib; path = ContactInfoTableViewCell.xib; sourceTree = "<group>"; };
		CB0418631949310300B3DE97 /* DepartmentsTableViewController.h */ = {isa = PBXFileReference; fileEncoding = 4; lastKnownFileType = sourcecode.c.h; path = DepartmentsTableViewController.h; sourceTree = "<group>"; };
		CB0418641949310300B3DE97 /* DepartmentsTableViewController.m */ = {isa = PBXFileReference; fileEncoding = 4; lastKnownFileType = sourcecode.c.objc; path = DepartmentsTableViewController.m; sourceTree = "<group>"; };
		CB041866194A2FFE00B3DE97 /* Department.h */ = {isa = PBXFileReference; fileEncoding = 4; lastKnownFileType = sourcecode.c.h; name = Department.h; path = ../Department.h; sourceTree = "<group>"; };
		CB041867194A2FFE00B3DE97 /* Department.m */ = {isa = PBXFileReference; fileEncoding = 4; lastKnownFileType = sourcecode.c.objc; name = Department.m; path = ../Department.m; sourceTree = "<group>"; };
		CB041869194A338900B3DE97 /* DepartmentContactsTableViewController.h */ = {isa = PBXFileReference; fileEncoding = 4; lastKnownFileType = sourcecode.c.h; path = DepartmentContactsTableViewController.h; sourceTree = "<group>"; };
		CB04186A194A338900B3DE97 /* DepartmentContactsTableViewController.m */ = {isa = PBXFileReference; fileEncoding = 4; lastKnownFileType = sourcecode.c.objc; path = DepartmentContactsTableViewController.m; sourceTree = "<group>"; };
		CB04186C194A358600B3DE97 /* DepartmentCell.h */ = {isa = PBXFileReference; fileEncoding = 4; lastKnownFileType = sourcecode.c.h; path = DepartmentCell.h; sourceTree = "<group>"; };
		CB04186D194A358600B3DE97 /* DepartmentCell.m */ = {isa = PBXFileReference; fileEncoding = 4; lastKnownFileType = sourcecode.c.objc; path = DepartmentCell.m; sourceTree = "<group>"; };
		CB0E71A6194897B0002B2B58 /* ContactDetailsDataSource.h */ = {isa = PBXFileReference; fileEncoding = 4; lastKnownFileType = sourcecode.c.h; path = ContactDetailsDataSource.h; sourceTree = "<group>"; };
		CB0E71A7194897B0002B2B58 /* ContactDetailsDataSource.m */ = {isa = PBXFileReference; fileEncoding = 4; lastKnownFileType = sourcecode.c.objc; path = ContactDetailsDataSource.m; sourceTree = "<group>"; };
		CB0E71AC1948BA5E002B2B58 /* ContactSectionViewController.h */ = {isa = PBXFileReference; fileEncoding = 4; lastKnownFileType = sourcecode.c.h; path = ContactSectionViewController.h; sourceTree = "<group>"; };
		CB0E71AD1948BA5E002B2B58 /* ContactSectionViewController.m */ = {isa = PBXFileReference; fileEncoding = 4; lastKnownFileType = sourcecode.c.objc; path = ContactSectionViewController.m; sourceTree = "<group>"; };
		CB0E71AE1948BA5E002B2B58 /* ContactSectionViewController.xib */ = {isa = PBXFileReference; fileEncoding = 4; lastKnownFileType = file.xib; path = ContactSectionViewController.xib; sourceTree = "<group>"; };
		CB1F31A71931599000CDCFD4 /* MessageThread.h */ = {isa = PBXFileReference; fileEncoding = 4; lastKnownFileType = sourcecode.c.h; path = MessageThread.h; sourceTree = "<group>"; };
		CB1F31A81931599000CDCFD4 /* MessageThread.m */ = {isa = PBXFileReference; fileEncoding = 4; lastKnownFileType = sourcecode.c.objc; path = MessageThread.m; sourceTree = "<group>"; };
		CB1F31AA1931599100CDCFD4 /* Message.h */ = {isa = PBXFileReference; fileEncoding = 4; lastKnownFileType = sourcecode.c.h; path = Message.h; sourceTree = "<group>"; };
		CB1F31AB1931599100CDCFD4 /* Message.m */ = {isa = PBXFileReference; fileEncoding = 4; lastKnownFileType = sourcecode.c.objc; path = Message.m; sourceTree = "<group>"; };
		CB1F31AD19315A6700CDCFD4 /* MessageThreadViewController.h */ = {isa = PBXFileReference; fileEncoding = 4; lastKnownFileType = sourcecode.c.h; path = MessageThreadViewController.h; sourceTree = "<group>"; };
		CB1F31AE19315A6700CDCFD4 /* MessageThreadViewController.m */ = {isa = PBXFileReference; fileEncoding = 4; lastKnownFileType = sourcecode.c.objc; path = MessageThreadViewController.m; sourceTree = "<group>"; };
		CB1F31B21931749D00CDCFD4 /* SinchClient.h */ = {isa = PBXFileReference; fileEncoding = 4; lastKnownFileType = sourcecode.c.h; path = SinchClient.h; sourceTree = "<group>"; };
		CB1F31B31931749D00CDCFD4 /* SinchClient.m */ = {isa = PBXFileReference; fileEncoding = 4; lastKnownFileType = sourcecode.c.objc; path = SinchClient.m; sourceTree = "<group>"; };
		CB1F31B5193178E400CDCFD4 /* libsqlite3.dylib */ = {isa = PBXFileReference; lastKnownFileType = "compiled.mach-o.dylib"; name = libsqlite3.dylib; path = usr/lib/libsqlite3.dylib; sourceTree = SDKROOT; };
		CB1F31B7193178EE00CDCFD4 /* Security.framework */ = {isa = PBXFileReference; lastKnownFileType = wrapper.framework; name = Security.framework; path = System/Library/Frameworks/Security.framework; sourceTree = SDKROOT; };
		CB1F31B9193178FF00CDCFD4 /* AudioToolbox.framework */ = {isa = PBXFileReference; lastKnownFileType = wrapper.framework; name = AudioToolbox.framework; path = System/Library/Frameworks/AudioToolbox.framework; sourceTree = SDKROOT; };
		CB1F31BB1931791A00CDCFD4 /* SystemConfiguration.framework */ = {isa = PBXFileReference; lastKnownFileType = wrapper.framework; name = SystemConfiguration.framework; path = System/Library/Frameworks/SystemConfiguration.framework; sourceTree = SDKROOT; };
		CB1F31BD19317BE400CDCFD4 /* AVFoundation.framework */ = {isa = PBXFileReference; lastKnownFileType = wrapper.framework; name = AVFoundation.framework; path = System/Library/Frameworks/AVFoundation.framework; sourceTree = SDKROOT; };
		CB1F31BF1931853200CDCFD4 /* Sinch.framework */ = {isa = PBXFileReference; lastKnownFileType = wrapper.framework; path = Sinch.framework; sourceTree = "<group>"; };
		CB1F31C11931872E00CDCFD4 /* libstdc++.6.0.9.dylib */ = {isa = PBXFileReference; lastKnownFileType = "compiled.mach-o.dylib"; name = "libstdc++.6.0.9.dylib"; path = "usr/lib/libstdc++.6.0.9.dylib"; sourceTree = SDKROOT; };
		CB1F31C31931A12600CDCFD4 /* NewThreadTableViewController.h */ = {isa = PBXFileReference; fileEncoding = 4; lastKnownFileType = sourcecode.c.h; path = NewThreadTableViewController.h; sourceTree = "<group>"; };
		CB1F31C41931A12600CDCFD4 /* NewThreadTableViewController.m */ = {isa = PBXFileReference; fileEncoding = 4; lastKnownFileType = sourcecode.c.objc; path = NewThreadTableViewController.m; sourceTree = "<group>"; };
		CB1F31C619325D8600CDCFD4 /* ContactViewController.h */ = {isa = PBXFileReference; fileEncoding = 4; lastKnownFileType = sourcecode.c.h; path = ContactViewController.h; sourceTree = "<group>"; };
		CB1F31C719325D8600CDCFD4 /* ContactViewController.m */ = {isa = PBXFileReference; fileEncoding = 4; lastKnownFileType = sourcecode.c.objc; path = ContactViewController.m; sourceTree = "<group>"; };
		CB1F31C819325D8600CDCFD4 /* ContactViewController.xib */ = {isa = PBXFileReference; fileEncoding = 4; lastKnownFileType = file.xib; path = ContactViewController.xib; sourceTree = "<group>"; };
		CB1F31CB193261B000CDCFD4 /* MessageUI.framework */ = {isa = PBXFileReference; lastKnownFileType = wrapper.framework; name = MessageUI.framework; path = System/Library/Frameworks/MessageUI.framework; sourceTree = SDKROOT; };
		CB1F31CD1932746F00CDCFD4 /* AccountViewController.h */ = {isa = PBXFileReference; fileEncoding = 4; lastKnownFileType = sourcecode.c.h; path = AccountViewController.h; sourceTree = "<group>"; };
		CB1F31CE1932746F00CDCFD4 /* AccountViewController.m */ = {isa = PBXFileReference; fileEncoding = 4; lastKnownFileType = sourcecode.c.objc; path = AccountViewController.m; sourceTree = "<group>"; };
		CB1F31CF1932746F00CDCFD4 /* AccountViewController.xib */ = {isa = PBXFileReference; fileEncoding = 4; lastKnownFileType = file.xib; path = AccountViewController.xib; sourceTree = "<group>"; };
		CB1F31D219327B6000CDCFD4 /* OfficeLocation.h */ = {isa = PBXFileReference; fileEncoding = 4; lastKnownFileType = sourcecode.c.h; path = OfficeLocation.h; sourceTree = "<group>"; };
		CB1F31D319327B6000CDCFD4 /* OfficeLocation.m */ = {isa = PBXFileReference; fileEncoding = 4; lastKnownFileType = sourcecode.c.objc; path = OfficeLocation.m; sourceTree = "<group>"; };
		CB1F31D519327BAA00CDCFD4 /* CoreLocation.framework */ = {isa = PBXFileReference; lastKnownFileType = wrapper.framework; name = CoreLocation.framework; path = System/Library/Frameworks/CoreLocation.framework; sourceTree = SDKROOT; };
		CB1F31D719327FC600CDCFD4 /* Geofencer.h */ = {isa = PBXFileReference; fileEncoding = 4; lastKnownFileType = sourcecode.c.h; path = Geofencer.h; sourceTree = "<group>"; };
		CB1F31D819327FC600CDCFD4 /* Geofencer.m */ = {isa = PBXFileReference; fileEncoding = 4; lastKnownFileType = sourcecode.c.objc; path = Geofencer.m; sourceTree = "<group>"; };
		CB354D2E194A48B400E537C2 /* EventKit.framework */ = {isa = PBXFileReference; lastKnownFileType = wrapper.framework; name = EventKit.framework; path = System/Library/Frameworks/EventKit.framework; sourceTree = SDKROOT; };
		CB354D2F194A48B400E537C2 /* EventKitUI.framework */ = {isa = PBXFileReference; lastKnownFileType = wrapper.framework; name = EventKitUI.framework; path = System/Library/Frameworks/EventKitUI.framework; sourceTree = SDKROOT; };
		CB354D32194B710E00E537C2 /* Company.h */ = {isa = PBXFileReference; fileEncoding = 4; lastKnownFileType = sourcecode.c.h; path = Company.h; sourceTree = "<group>"; };
		CB354D33194B710E00E537C2 /* Company.m */ = {isa = PBXFileReference; fileEncoding = 4; lastKnownFileType = sourcecode.c.objc; path = Company.m; sourceTree = "<group>"; };
		CBA5D0711936B8FA0044BBCC /* Reveal.framework */ = {isa = PBXFileReference; lastKnownFileType = wrapper.framework; name = Reveal.framework; path = ../Reveal.framework; sourceTree = "<group>"; };
		CBA5D0751936BB070044BBCC /* Whitney-Book.otf */ = {isa = PBXFileReference; lastKnownFileType = file; path = "Whitney-Book.otf"; sourceTree = "<group>"; };
		CBA5D0761936BB070044BBCC /* Whitney-Medium.otf */ = {isa = PBXFileReference; lastKnownFileType = file; path = "Whitney-Medium.otf"; sourceTree = "<group>"; };
		CBA5D0771936BB070044BBCC /* Whitney-Semibold.otf */ = {isa = PBXFileReference; lastKnownFileType = file; path = "Whitney-Semibold.otf"; sourceTree = "<group>"; };
		CBA5D0811936BD4D0044BBCC /* ContactCell.h */ = {isa = PBXFileReference; fileEncoding = 4; lastKnownFileType = sourcecode.c.h; path = ContactCell.h; sourceTree = "<group>"; };
		CBA5D0821936BD4D0044BBCC /* ContactCell.m */ = {isa = PBXFileReference; fileEncoding = 4; lastKnownFileType = sourcecode.c.objc; path = ContactCell.m; sourceTree = "<group>"; };
		CBB51839194A3EFD001C2E0C /* SDCEmbeddedSegmentSegue.h */ = {isa = PBXFileReference; fileEncoding = 4; lastKnownFileType = sourcecode.c.h; path = SDCEmbeddedSegmentSegue.h; sourceTree = "<group>"; };
		CBB5183A194A3F04001C2E0C /* SDCEmbeddedSegmentSegue.m */ = {isa = PBXFileReference; fileEncoding = 4; lastKnownFileType = sourcecode.c.objc; path = SDCEmbeddedSegmentSegue.m; sourceTree = "<group>"; };
		CBB5183B194A3F04001C2E0C /* SDCSegmentedViewController.h */ = {isa = PBXFileReference; fileEncoding = 4; lastKnownFileType = sourcecode.c.h; path = SDCSegmentedViewController.h; sourceTree = "<group>"; };
		CBB5183C194A3F04001C2E0C /* SDCSegmentedViewController.m */ = {isa = PBXFileReference; fileEncoding = 4; lastKnownFileType = sourcecode.c.objc; path = SDCSegmentedViewController.m; sourceTree = "<group>"; };
		CBBA685F192FD646005A6949 /* Headshot-ios.app */ = {isa = PBXFileReference; explicitFileType = wrapper.application; includeInIndex = 0; path = "Headshot-ios.app"; sourceTree = BUILT_PRODUCTS_DIR; };
		CBBA6862192FD646005A6949 /* Foundation.framework */ = {isa = PBXFileReference; lastKnownFileType = wrapper.framework; name = Foundation.framework; path = System/Library/Frameworks/Foundation.framework; sourceTree = SDKROOT; };
		CBBA6864192FD646005A6949 /* CoreGraphics.framework */ = {isa = PBXFileReference; lastKnownFileType = wrapper.framework; name = CoreGraphics.framework; path = System/Library/Frameworks/CoreGraphics.framework; sourceTree = SDKROOT; };
		CBBA6866192FD646005A6949 /* UIKit.framework */ = {isa = PBXFileReference; lastKnownFileType = wrapper.framework; name = UIKit.framework; path = System/Library/Frameworks/UIKit.framework; sourceTree = SDKROOT; };
		CBBA6868192FD646005A6949 /* CoreData.framework */ = {isa = PBXFileReference; lastKnownFileType = wrapper.framework; name = CoreData.framework; path = System/Library/Frameworks/CoreData.framework; sourceTree = SDKROOT; };
		CBBA686C192FD646005A6949 /* Headshot-ios-Info.plist */ = {isa = PBXFileReference; lastKnownFileType = text.plist.xml; path = "Headshot-ios-Info.plist"; sourceTree = "<group>"; };
		CBBA686E192FD646005A6949 /* en */ = {isa = PBXFileReference; lastKnownFileType = text.plist.strings; name = en; path = en.lproj/InfoPlist.strings; sourceTree = "<group>"; };
		CBBA6870192FD646005A6949 /* main.m */ = {isa = PBXFileReference; lastKnownFileType = sourcecode.c.objc; path = main.m; sourceTree = "<group>"; };
		CBBA6872192FD646005A6949 /* Headshot-ios-Prefix.pch */ = {isa = PBXFileReference; lastKnownFileType = sourcecode.c.h; path = "Headshot-ios-Prefix.pch"; sourceTree = "<group>"; };
		CBBA6873192FD646005A6949 /* AppDelegate.h */ = {isa = PBXFileReference; lastKnownFileType = sourcecode.c.h; path = AppDelegate.h; sourceTree = "<group>"; };
		CBBA6874192FD646005A6949 /* AppDelegate.m */ = {isa = PBXFileReference; lastKnownFileType = sourcecode.c.objc; path = AppDelegate.m; sourceTree = "<group>"; };
		CBBA6877192FD646005A6949 /* Headshot.xcdatamodel */ = {isa = PBXFileReference; lastKnownFileType = wrapper.xcdatamodel; path = Headshot.xcdatamodel; sourceTree = "<group>"; };
		CBBA6879192FD646005A6949 /* Images.xcassets */ = {isa = PBXFileReference; lastKnownFileType = folder.assetcatalog; path = Images.xcassets; sourceTree = "<group>"; };
		CBBA687F192FD646005A6949 /* Headshot-iosTests.xctest */ = {isa = PBXFileReference; explicitFileType = wrapper.cfbundle; includeInIndex = 0; path = "Headshot-iosTests.xctest"; sourceTree = BUILT_PRODUCTS_DIR; };
		CBBA6880192FD646005A6949 /* XCTest.framework */ = {isa = PBXFileReference; lastKnownFileType = wrapper.framework; name = XCTest.framework; path = Library/Frameworks/XCTest.framework; sourceTree = DEVELOPER_DIR; };
		CBBA6889192FD646005A6949 /* Headshot-iosTests-Info.plist */ = {isa = PBXFileReference; lastKnownFileType = text.plist.xml; path = "Headshot-iosTests-Info.plist"; sourceTree = "<group>"; };
		CBBA688B192FD646005A6949 /* en */ = {isa = PBXFileReference; lastKnownFileType = text.plist.strings; name = en; path = en.lproj/InfoPlist.strings; sourceTree = "<group>"; };
		CBBA688D192FD646005A6949 /* Headshot_iosTests.m */ = {isa = PBXFileReference; lastKnownFileType = sourcecode.c.objc; path = Headshot_iosTests.m; sourceTree = "<group>"; };
		CBBA6898192FD850005A6949 /* Store.h */ = {isa = PBXFileReference; fileEncoding = 4; lastKnownFileType = sourcecode.c.h; path = Store.h; sourceTree = "<group>"; };
		CBBA6899192FD850005A6949 /* Store.m */ = {isa = PBXFileReference; fileEncoding = 4; lastKnownFileType = sourcecode.c.objc; path = Store.m; sourceTree = "<group>"; };
		CBBA689C192FD850005A6949 /* TRDataStoreManager.h */ = {isa = PBXFileReference; fileEncoding = 4; lastKnownFileType = sourcecode.c.h; path = TRDataStoreManager.h; sourceTree = "<group>"; };
		CBBA689D192FD850005A6949 /* TRDataStoreManager.m */ = {isa = PBXFileReference; fileEncoding = 4; lastKnownFileType = sourcecode.c.objc; path = TRDataStoreManager.m; sourceTree = "<group>"; };
		CBBA689E192FD850005A6949 /* TRBackgroundQueue.h */ = {isa = PBXFileReference; fileEncoding = 4; lastKnownFileType = sourcecode.c.h; path = TRBackgroundQueue.h; sourceTree = "<group>"; };
		CBBA689F192FD850005A6949 /* TRBackgroundQueue.m */ = {isa = PBXFileReference; fileEncoding = 4; lastKnownFileType = sourcecode.c.objc; path = TRBackgroundQueue.m; sourceTree = "<group>"; };
		CBBA68A5192FD8FD005A6949 /* TRJSONResponseSerializerWithData.h */ = {isa = PBXFileReference; fileEncoding = 4; lastKnownFileType = sourcecode.c.h; path = TRJSONResponseSerializerWithData.h; sourceTree = "<group>"; };
		CBBA68A6192FD8FD005A6949 /* TRJSONResponseSerializerWithData.m */ = {isa = PBXFileReference; fileEncoding = 4; lastKnownFileType = sourcecode.c.objc; path = TRJSONResponseSerializerWithData.m; sourceTree = "<group>"; };
		CBBA68A7192FD8FD005A6949 /* HeadshotAPIClient.h */ = {isa = PBXFileReference; fileEncoding = 4; lastKnownFileType = sourcecode.c.h; path = HeadshotAPIClient.h; sourceTree = "<group>"; };
		CBBA68A8192FD8FD005A6949 /* HeadshotAPIClient.m */ = {isa = PBXFileReference; fileEncoding = 4; lastKnownFileType = sourcecode.c.objc; path = HeadshotAPIClient.m; sourceTree = "<group>"; };
		CBBA68A9192FD8FD005A6949 /* HeadshotRequestAPIClient.h */ = {isa = PBXFileReference; fileEncoding = 4; lastKnownFileType = sourcecode.c.h; path = HeadshotRequestAPIClient.h; sourceTree = "<group>"; };
		CBBA68AA192FD8FD005A6949 /* HeadshotRequestAPIClient.m */ = {isa = PBXFileReference; fileEncoding = 4; lastKnownFileType = sourcecode.c.objc; path = HeadshotRequestAPIClient.m; sourceTree = "<group>"; };
		CBBA68BE192FDE72005A6949 /* CredentialStore.h */ = {isa = PBXFileReference; fileEncoding = 4; lastKnownFileType = sourcecode.c.h; path = CredentialStore.h; sourceTree = "<group>"; };
		CBBA68BF192FDE72005A6949 /* CredentialStore.m */ = {isa = PBXFileReference; fileEncoding = 4; lastKnownFileType = sourcecode.c.objc; path = CredentialStore.m; sourceTree = "<group>"; };
		CBBA68D6192FE0B5005A6949 /* EmployeeInfo.h */ = {isa = PBXFileReference; fileEncoding = 4; lastKnownFileType = sourcecode.c.h; name = EmployeeInfo.h; path = ../EmployeeInfo.h; sourceTree = "<group>"; };
		CBBA68D7192FE0B5005A6949 /* EmployeeInfo.m */ = {isa = PBXFileReference; fileEncoding = 4; lastKnownFileType = sourcecode.c.objc; name = EmployeeInfo.m; path = ../EmployeeInfo.m; sourceTree = "<group>"; };
		CBBA68D9192FE0B5005A6949 /* Account.h */ = {isa = PBXFileReference; fileEncoding = 4; lastKnownFileType = sourcecode.c.h; name = Account.h; path = ../Account.h; sourceTree = "<group>"; };
		CBBA68DA192FE0B5005A6949 /* Account.m */ = {isa = PBXFileReference; fileEncoding = 4; lastKnownFileType = sourcecode.c.objc; name = Account.m; path = ../Account.m; sourceTree = "<group>"; };
		CBBA68DC192FE0B5005A6949 /* User.h */ = {isa = PBXFileReference; fileEncoding = 4; lastKnownFileType = sourcecode.c.h; name = User.h; path = ../User.h; sourceTree = "<group>"; };
		CBBA68DD192FE0B5005A6949 /* User.m */ = {isa = PBXFileReference; fileEncoding = 4; lastKnownFileType = sourcecode.c.objc; name = User.m; path = ../User.m; sourceTree = "<group>"; };
		CBBA68E0192FE16F005A6949 /* TRTabBarController.h */ = {isa = PBXFileReference; fileEncoding = 4; lastKnownFileType = sourcecode.c.h; path = TRTabBarController.h; sourceTree = "<group>"; };
		CBBA68E1192FE16F005A6949 /* TRTabBarController.m */ = {isa = PBXFileReference; fileEncoding = 4; lastKnownFileType = sourcecode.c.objc; path = TRTabBarController.m; sourceTree = "<group>"; };
		CBBA68E4192FE185005A6949 /* LoginViewController.h */ = {isa = PBXFileReference; fileEncoding = 4; lastKnownFileType = sourcecode.c.h; path = LoginViewController.h; sourceTree = "<group>"; };
		CBBA68E5192FE185005A6949 /* LoginViewController.m */ = {isa = PBXFileReference; fileEncoding = 4; lastKnownFileType = sourcecode.c.objc; path = LoginViewController.m; sourceTree = "<group>"; };
		CBBA68E6192FE185005A6949 /* LoginViewController.xib */ = {isa = PBXFileReference; fileEncoding = 4; lastKnownFileType = file.xib; path = LoginViewController.xib; sourceTree = "<group>"; };
		CBBA68E9192FE19D005A6949 /* TRNavigationController.h */ = {isa = PBXFileReference; fileEncoding = 4; lastKnownFileType = sourcecode.c.h; path = TRNavigationController.h; sourceTree = "<group>"; };
		CBBA68EA192FE19D005A6949 /* TRNavigationController.m */ = {isa = PBXFileReference; fileEncoding = 4; lastKnownFileType = sourcecode.c.objc; path = TRNavigationController.m; sourceTree = "<group>"; };
		CBBA68F5192FE262005A6949 /* ContactsTableViewController.h */ = {isa = PBXFileReference; fileEncoding = 4; lastKnownFileType = sourcecode.c.h; path = ContactsTableViewController.h; sourceTree = "<group>"; };
		CBBA68F6192FE262005A6949 /* ContactsTableViewController.m */ = {isa = PBXFileReference; fileEncoding = 4; lastKnownFileType = sourcecode.c.objc; path = ContactsTableViewController.m; sourceTree = "<group>"; };
		CBBA68F8192FE26C005A6949 /* MessagesTableViewController.h */ = {isa = PBXFileReference; fileEncoding = 4; lastKnownFileType = sourcecode.c.h; path = MessagesTableViewController.h; sourceTree = "<group>"; };
		CBBA68F9192FE26C005A6949 /* MessagesTableViewController.m */ = {isa = PBXFileReference; fileEncoding = 4; lastKnownFileType = sourcecode.c.objc; path = MessagesTableViewController.m; sourceTree = "<group>"; };
		CBBA68FB192FE474005A6949 /* ContactsDataSource.h */ = {isa = PBXFileReference; fileEncoding = 4; lastKnownFileType = sourcecode.c.h; path = ContactsDataSource.h; sourceTree = "<group>"; };
		CBBA68FC192FE474005A6949 /* ContactsDataSource.m */ = {isa = PBXFileReference; fileEncoding = 4; lastKnownFileType = sourcecode.c.objc; path = ContactsDataSource.m; sourceTree = "<group>"; };
/* End PBXFileReference section */

/* Begin PBXFrameworksBuildPhase section */
		CBBA685C192FD646005A6949 /* Frameworks */ = {
			isa = PBXFrameworksBuildPhase;
			buildActionMask = 2147483647;
			files = (
				CB354D30194A48B400E537C2 /* EventKit.framework in Frameworks */,
				CB354D31194A48B400E537C2 /* EventKitUI.framework in Frameworks */,
				CB1F31D619327BAA00CDCFD4 /* CoreLocation.framework in Frameworks */,
				CB1F31CC193261B000CDCFD4 /* MessageUI.framework in Frameworks */,
				CB1F31C21931872E00CDCFD4 /* libstdc++.6.0.9.dylib in Frameworks */,
				CB1F31BE19317BE400CDCFD4 /* AVFoundation.framework in Frameworks */,
				CB1F31BC1931791A00CDCFD4 /* SystemConfiguration.framework in Frameworks */,
				CB1F31C01931853200CDCFD4 /* Sinch.framework in Frameworks */,
				CB1F31BA193178FF00CDCFD4 /* AudioToolbox.framework in Frameworks */,
				CB1F31B8193178EE00CDCFD4 /* Security.framework in Frameworks */,
				CB1F31B6193178E400CDCFD4 /* libsqlite3.dylib in Frameworks */,
				CBBA6865192FD646005A6949 /* CoreGraphics.framework in Frameworks */,
				CBBA6869192FD646005A6949 /* CoreData.framework in Frameworks */,
				CBBA6867192FD646005A6949 /* UIKit.framework in Frameworks */,
				CBA5D0721936B8FA0044BBCC /* Reveal.framework in Frameworks */,
				CBBA6863192FD646005A6949 /* Foundation.framework in Frameworks */,
				F1A7FF02C0DB4282BEE66FD2 /* libPods.a in Frameworks */,
			);
			runOnlyForDeploymentPostprocessing = 0;
		};
		CBBA687C192FD646005A6949 /* Frameworks */ = {
			isa = PBXFrameworksBuildPhase;
			buildActionMask = 2147483647;
			files = (
				CBBA6881192FD646005A6949 /* XCTest.framework in Frameworks */,
				CBBA6884192FD646005A6949 /* CoreData.framework in Frameworks */,
				CBBA6883192FD646005A6949 /* UIKit.framework in Frameworks */,
				CBBA6882192FD646005A6949 /* Foundation.framework in Frameworks */,
			);
			runOnlyForDeploymentPostprocessing = 0;
		};
/* End PBXFrameworksBuildPhase section */

/* Begin PBXGroup section */
		9647AC9E194AD88200F6A4AF /* theme */ = {
			isa = PBXGroup;
			children = (
				9647AC9F194AD89300F6A4AF /* DefaultTheme.h */,
				9647ACA0194AD89300F6A4AF /* DefaultTheme.m */,
				9647ACA1194AD89300F6A4AF /* Theme.h */,
				9647ACA2194AD89300F6A4AF /* Theme.m */,
			);
			name = theme;
			sourceTree = "<group>";
		};
		964A6BCE194E2BF60024B3C2 /* categories */ = {
			isa = PBXGroup;
			children = (
				964A6BCF194E2C180024B3C2 /* UIView+Shadow.h */,
				964A6BD0194E2C180024B3C2 /* UIView+Shadow.m */,
				964A6BD1194E2C180024B3C2 /* UIView+Edge.h */,
				964A6BD2194E2C180024B3C2 /* UIView+Edge.m */,
				964A6BEA194F6B760024B3C2 /* User+FindAllExcludeCurrent.h */,
				964A6BEB194F6B760024B3C2 /* User+FindAllExcludeCurrent.m */,
				968254DC195494770036955A /* NSDate+BadgeFormattedDate.h */,
				968254DD195494770036955A /* NSDate+BadgeFormattedDate.m */,
			);
			name = categories;
			sourceTree = "<group>";
		};
		9669632D194B504E003B22B5 /* notifications */ = {
			isa = PBXGroup;
			children = (
				9669632E194B5061003B22B5 /* NotificationManager.h */,
				9669632F194B5061003B22B5 /* NotificationManager.m */,
			);
			name = notifications;
			sourceTree = "<group>";
		};
		96696334194E1F53003B22B5 /* views */ = {
			isa = PBXGroup;
			children = (
				CBA5D07B1936BC5E0044BBCC /* cells */,
				96696335194E2018003B22B5 /* FormView.h */,
				96696336194E2018003B22B5 /* FormView.m */,
				964A6BE4194F2FB90024B3C2 /* DatePickerModalView.h */,
				964A6BE5194F2FB90024B3C2 /* DatePickerModalView.m */,
			);
			name = views;
			sourceTree = "<group>";
		};
		96696338194E25FC003B22B5 /* onboard */ = {
			isa = PBXGroup;
			children = (
				96696339194E262F003B22B5 /* EmailLoginViewController.h */,
				9669633A194E262F003B22B5 /* EmailLoginViewController.m */,
				964A6BD5194E31C40024B3C2 /* OnboardUserDetailsViewController.h */,
				964A6BD6194E31C40024B3C2 /* OnboardUserDetailsViewController.m */,
				964A6BD8194E35DE0024B3C2 /* OnboardNavigationController.h */,
				964A6BD9194E35DE0024B3C2 /* OnboardNavigationController.m */,
				964A6BDB194E5E120024B3C2 /* OnboardJobViewController.h */,
				964A6BDC194E5E120024B3C2 /* OnboardJobViewController.m */,
				964A6BDE194E66480024B3C2 /* OnboardSelectOfficeViewController.h */,
				964A6BDF194E66480024B3C2 /* OnboardSelectOfficeViewController.m */,
				964A6BE1194E6B9B0024B3C2 /* OnboardAddOfficeViewController.h */,
				964A6BE2194E6B9B0024B3C2 /* OnboardAddOfficeViewController.m */,
				964A6BED194F8F7A0024B3C2 /* OnboardLocationPermissionViewController.h */,
				964A6BEE194F8F7A0024B3C2 /* OnboardLocationPermissionViewController.m */,
				964A6BF0194F93250024B3C2 /* OnboardPushPermissionViewController.h */,
				964A6BF1194F93250024B3C2 /* OnboardPushPermissionViewController.m */,
				969B86FE195285DF00090B49 /* OnboardSelectDepartmentViewController.h */,
				969B86FF195285DF00090B49 /* OnboardSelectDepartmentViewController.m */,
				96DB2DFC19539E27005E1F93 /* OnboardSelectManagersViewControllers.h */,
				96DB2DFD19539E27005E1F93 /* OnboardSelectManagersViewControllers.m */,
			);
			name = onboard;
			sourceTree = "<group>";
		};
		96C2CF9C19577ED000E77CFD /* settings */ = {
			isa = PBXGroup;
			children = (
				96C2CF9D19577EE300E77CFD /* SettingsViewController.h */,
				96C2CF9E19577EE300E77CFD /* SettingsViewController.m */,
			);
			name = settings;
			sourceTree = "<group>";
		};
		CB041862194930E000B3DE97 /* departments */ = {
			isa = PBXGroup;
			children = (
				CB0418631949310300B3DE97 /* DepartmentsTableViewController.h */,
				CB0418641949310300B3DE97 /* DepartmentsTableViewController.m */,
				CB041869194A338900B3DE97 /* DepartmentContactsTableViewController.h */,
				CB04186A194A338900B3DE97 /* DepartmentContactsTableViewController.m */,
			);
			name = departments;
			sourceTree = "<group>";
		};
		CBA5D0731936BAE40044BBCC /* resources */ = {
			isa = PBXGroup;
			children = (
				CBB5183F194A3F25001C2E0C /* SDCEmbeddedSegmentSegue */,
				CBA5D0711936B8FA0044BBCC /* Reveal.framework */,
				CBA5D0741936BAEB0044BBCC /* fonts */,
			);
			name = resources;
			sourceTree = "<group>";
		};
		CBA5D0741936BAEB0044BBCC /* fonts */ = {
			isa = PBXGroup;
			children = (
				CBA5D0751936BB070044BBCC /* Whitney-Book.otf */,
				CBA5D0761936BB070044BBCC /* Whitney-Medium.otf */,
				CBA5D0771936BB070044BBCC /* Whitney-Semibold.otf */,
			);
			name = fonts;
			sourceTree = "<group>";
		};
		CBA5D07B1936BC5E0044BBCC /* cells */ = {
			isa = PBXGroup;
			children = (
				CBA5D0811936BD4D0044BBCC /* ContactCell.h */,
				CBA5D0821936BD4D0044BBCC /* ContactCell.m */,
				CB04185D1948C59600B3DE97 /* ContactInfoTableViewCell.h */,
				CB04185E1948C59600B3DE97 /* ContactInfoTableViewCell.m */,
				CB04185F1948C59600B3DE97 /* ContactInfoTableViewCell.xib */,
				CB04186C194A358600B3DE97 /* DepartmentCell.h */,
				CB04186D194A358600B3DE97 /* DepartmentCell.m */,
				964A6BE7194F39620024B3C2 /* MessageThreadPreviewCell.h */,
				964A6BE8194F39620024B3C2 /* MessageThreadPreviewCell.m */,
			);
			name = cells;
			sourceTree = "<group>";
		};
		CBB5183F194A3F25001C2E0C /* SDCEmbeddedSegmentSegue */ = {
			isa = PBXGroup;
			children = (
				CBB5183A194A3F04001C2E0C /* SDCEmbeddedSegmentSegue.m */,
				CBB5183B194A3F04001C2E0C /* SDCSegmentedViewController.h */,
				CBB5183C194A3F04001C2E0C /* SDCSegmentedViewController.m */,
				CBB51839194A3EFD001C2E0C /* SDCEmbeddedSegmentSegue.h */,
			);
			name = SDCEmbeddedSegmentSegue;
			sourceTree = "<group>";
		};
		CBBA6856192FD646005A6949 = {
			isa = PBXGroup;
			children = (
				CBBA686A192FD646005A6949 /* Headshot-ios */,
				CBBA6887192FD646005A6949 /* Headshot-iosTests */,
				CBBA6861192FD646005A6949 /* Frameworks */,
				CBBA6860192FD646005A6949 /* Products */,
				30B39923FA64452EB4653D38 /* Pods.xcconfig */,
			);
			sourceTree = "<group>";
		};
		CBBA6860192FD646005A6949 /* Products */ = {
			isa = PBXGroup;
			children = (
				CBBA685F192FD646005A6949 /* Headshot-ios.app */,
				CBBA687F192FD646005A6949 /* Headshot-iosTests.xctest */,
			);
			name = Products;
			sourceTree = "<group>";
		};
		CBBA6861192FD646005A6949 /* Frameworks */ = {
			isa = PBXGroup;
			children = (
				CB354D2E194A48B400E537C2 /* EventKit.framework */,
				CB354D2F194A48B400E537C2 /* EventKitUI.framework */,
				CB1F31D519327BAA00CDCFD4 /* CoreLocation.framework */,
				CB1F31CB193261B000CDCFD4 /* MessageUI.framework */,
				CB1F31C11931872E00CDCFD4 /* libstdc++.6.0.9.dylib */,
				CB1F31BF1931853200CDCFD4 /* Sinch.framework */,
				CB1F31BD19317BE400CDCFD4 /* AVFoundation.framework */,
				CB1F31BB1931791A00CDCFD4 /* SystemConfiguration.framework */,
				CB1F31B9193178FF00CDCFD4 /* AudioToolbox.framework */,
				CB1F31B7193178EE00CDCFD4 /* Security.framework */,
				CB1F31B5193178E400CDCFD4 /* libsqlite3.dylib */,
				CBBA6862192FD646005A6949 /* Foundation.framework */,
				CBBA6864192FD646005A6949 /* CoreGraphics.framework */,
				CBBA6866192FD646005A6949 /* UIKit.framework */,
				CBBA6868192FD646005A6949 /* CoreData.framework */,
				CBBA6880192FD646005A6949 /* XCTest.framework */,
				426C573043D24799B16F4828 /* libPods.a */,
			);
			name = Frameworks;
			sourceTree = "<group>";
		};
		CBBA686A192FD646005A6949 /* Headshot-ios */ = {
			isa = PBXGroup;
			children = (
				964A6BCE194E2BF60024B3C2 /* categories */,
				96696334194E1F53003B22B5 /* views */,
				9669632D194B504E003B22B5 /* notifications */,
				9647AC9E194AD88200F6A4AF /* theme */,
				CBA5D0731936BAE40044BBCC /* resources */,
				CBBA68DF192FE12A005A6949 /* controllers */,
				CBBA68BD192FDDBE005A6949 /* models */,
				CBBA68A4192FD8F2005A6949 /* networking */,
				CBBA6897192FD843005A6949 /* persistence */,
				CBBA6873192FD646005A6949 /* AppDelegate.h */,
				CBBA6874192FD646005A6949 /* AppDelegate.m */,
				96696331194B6CF7003B22B5 /* Constants.h */,
				96696332194B6CF7003B22B5 /* Constants.m */,
				CBBA6879192FD646005A6949 /* Images.xcassets */,
				CBBA6876192FD646005A6949 /* Headshot.xcdatamodeld */,
				CBBA686B192FD646005A6949 /* Supporting Files */,
			);
			path = "Headshot-ios";
			sourceTree = "<group>";
		};
		CBBA686B192FD646005A6949 /* Supporting Files */ = {
			isa = PBXGroup;
			children = (
				CBBA686C192FD646005A6949 /* Headshot-ios-Info.plist */,
				CBBA686D192FD646005A6949 /* InfoPlist.strings */,
				CBBA6870192FD646005A6949 /* main.m */,
				CBBA6872192FD646005A6949 /* Headshot-ios-Prefix.pch */,
			);
			name = "Supporting Files";
			sourceTree = "<group>";
		};
		CBBA6887192FD646005A6949 /* Headshot-iosTests */ = {
			isa = PBXGroup;
			children = (
				CBBA688D192FD646005A6949 /* Headshot_iosTests.m */,
				CBBA6888192FD646005A6949 /* Supporting Files */,
			);
			path = "Headshot-iosTests";
			sourceTree = "<group>";
		};
		CBBA6888192FD646005A6949 /* Supporting Files */ = {
			isa = PBXGroup;
			children = (
				CBBA6889192FD646005A6949 /* Headshot-iosTests-Info.plist */,
				CBBA688A192FD646005A6949 /* InfoPlist.strings */,
			);
			name = "Supporting Files";
			sourceTree = "<group>";
		};
		CBBA6897192FD843005A6949 /* persistence */ = {
			isa = PBXGroup;
			children = (
				CBBA68BE192FDE72005A6949 /* CredentialStore.h */,
				CBBA68BF192FDE72005A6949 /* CredentialStore.m */,
				CBBA6898192FD850005A6949 /* Store.h */,
				CBBA6899192FD850005A6949 /* Store.m */,
				CBBA689C192FD850005A6949 /* TRDataStoreManager.h */,
				CBBA689D192FD850005A6949 /* TRDataStoreManager.m */,
				CBBA689E192FD850005A6949 /* TRBackgroundQueue.h */,
				CBBA689F192FD850005A6949 /* TRBackgroundQueue.m */,
				CB1F31D719327FC600CDCFD4 /* Geofencer.h */,
				CB1F31D819327FC600CDCFD4 /* Geofencer.m */,
			);
			name = persistence;
			sourceTree = "<group>";
		};
		CBBA68A4192FD8F2005A6949 /* networking */ = {
			isa = PBXGroup;
			children = (
				CBBA68A5192FD8FD005A6949 /* TRJSONResponseSerializerWithData.h */,
				CBBA68A6192FD8FD005A6949 /* TRJSONResponseSerializerWithData.m */,
				CBBA68A7192FD8FD005A6949 /* HeadshotAPIClient.h */,
				CBBA68A8192FD8FD005A6949 /* HeadshotAPIClient.m */,
				CBBA68A9192FD8FD005A6949 /* HeadshotRequestAPIClient.h */,
				CBBA68AA192FD8FD005A6949 /* HeadshotRequestAPIClient.m */,
				CB1F31B21931749D00CDCFD4 /* SinchClient.h */,
				CB1F31B31931749D00CDCFD4 /* SinchClient.m */,
			);
			name = networking;
			sourceTree = "<group>";
		};
		CBBA68BD192FDDBE005A6949 /* models */ = {
			isa = PBXGroup;
			children = (
				CB1F31AA1931599100CDCFD4 /* Message.h */,
				CB1F31AB1931599100CDCFD4 /* Message.m */,
				CB1F31A71931599000CDCFD4 /* MessageThread.h */,
				CB1F31A81931599000CDCFD4 /* MessageThread.m */,
				CBBA68DC192FE0B5005A6949 /* User.h */,
				CBBA68DD192FE0B5005A6949 /* User.m */,
				CBBA68D9192FE0B5005A6949 /* Account.h */,
				CBBA68DA192FE0B5005A6949 /* Account.m */,
				CB354D32194B710E00E537C2 /* Company.h */,
				CB354D33194B710E00E537C2 /* Company.m */,
				CBBA68D6192FE0B5005A6949 /* EmployeeInfo.h */,
				CBBA68D7192FE0B5005A6949 /* EmployeeInfo.m */,
				CB1F31D219327B6000CDCFD4 /* OfficeLocation.h */,
				CB1F31D319327B6000CDCFD4 /* OfficeLocation.m */,
				CB041866194A2FFE00B3DE97 /* Department.h */,
				CB041867194A2FFE00B3DE97 /* Department.m */,
			);
			name = models;
			sourceTree = "<group>";
		};
		CBBA68DF192FE12A005A6949 /* controllers */ = {
			isa = PBXGroup;
			children = (
				96C2CF9C19577ED000E77CFD /* settings */,
				96696338194E25FC003B22B5 /* onboard */,
				CB041862194930E000B3DE97 /* departments */,
				CBBA68F1192FE23D005A6949 /* messages */,
				CBBA68F0192FE239005A6949 /* contacts */,
				CBBA68EF192FE231005A6949 /* account */,
				CBBA68EC192FE213005A6949 /* base */,
				CBBA68E3192FE17C005A6949 /* login */,
			);
			name = controllers;
			sourceTree = "<group>";
		};
		CBBA68E3192FE17C005A6949 /* login */ = {
			isa = PBXGroup;
			children = (
				CBBA68E4192FE185005A6949 /* LoginViewController.h */,
				CBBA68E5192FE185005A6949 /* LoginViewController.m */,
				CBBA68E6192FE185005A6949 /* LoginViewController.xib */,
			);
			name = login;
			sourceTree = "<group>";
		};
		CBBA68EC192FE213005A6949 /* base */ = {
			isa = PBXGroup;
			children = (
				CBBA68E0192FE16F005A6949 /* TRTabBarController.h */,
				CBBA68E1192FE16F005A6949 /* TRTabBarController.m */,
				CBBA68E9192FE19D005A6949 /* TRNavigationController.h */,
				CBBA68EA192FE19D005A6949 /* TRNavigationController.m */,
			);
			name = base;
			sourceTree = "<group>";
		};
		CBBA68EF192FE231005A6949 /* account */ = {
			isa = PBXGroup;
			children = (
				CB1F31CD1932746F00CDCFD4 /* AccountViewController.h */,
				CB1F31CE1932746F00CDCFD4 /* AccountViewController.m */,
				CB1F31CF1932746F00CDCFD4 /* AccountViewController.xib */,
				96C2CF9919577EBC00E77CFD /* EditProfileViewController.h */,
				96C2CF9A19577EBC00E77CFD /* EditProfileViewController.m */,
			);
			name = account;
			sourceTree = "<group>";
		};
		CBBA68F0192FE239005A6949 /* contacts */ = {
			isa = PBXGroup;
			children = (
				CBBA68F5192FE262005A6949 /* ContactsTableViewController.h */,
				CBBA68F6192FE262005A6949 /* ContactsTableViewController.m */,
				CBBA68FB192FE474005A6949 /* ContactsDataSource.h */,
				CBBA68FC192FE474005A6949 /* ContactsDataSource.m */,
				CB1F31C619325D8600CDCFD4 /* ContactViewController.h */,
				CB1F31C719325D8600CDCFD4 /* ContactViewController.m */,
				CB1F31C819325D8600CDCFD4 /* ContactViewController.xib */,
				CB0E71A6194897B0002B2B58 /* ContactDetailsDataSource.h */,
				CB0E71A7194897B0002B2B58 /* ContactDetailsDataSource.m */,
				CB0E71AC1948BA5E002B2B58 /* ContactSectionViewController.h */,
				CB0E71AD1948BA5E002B2B58 /* ContactSectionViewController.m */,
				CB0E71AE1948BA5E002B2B58 /* ContactSectionViewController.xib */,
			);
			name = contacts;
			sourceTree = "<group>";
		};
		CBBA68F1192FE23D005A6949 /* messages */ = {
			isa = PBXGroup;
			children = (
				CBBA68F8192FE26C005A6949 /* MessagesTableViewController.h */,
				CBBA68F9192FE26C005A6949 /* MessagesTableViewController.m */,
				CB1F31AD19315A6700CDCFD4 /* MessageThreadViewController.h */,
				CB1F31AE19315A6700CDCFD4 /* MessageThreadViewController.m */,
				CB1F31C31931A12600CDCFD4 /* NewThreadTableViewController.h */,
				CB1F31C41931A12600CDCFD4 /* NewThreadTableViewController.m */,
			);
			name = messages;
			sourceTree = "<group>";
		};
/* End PBXGroup section */

/* Begin PBXNativeTarget section */
		CBBA685E192FD646005A6949 /* Headshot-ios */ = {
			isa = PBXNativeTarget;
			buildConfigurationList = CBBA6891192FD646005A6949 /* Build configuration list for PBXNativeTarget "Headshot-ios" */;
			buildPhases = (
				3D427745FCDA4F7BBBB64A29 /* Check Pods Manifest.lock */,
				CBBA685B192FD646005A6949 /* Sources */,
				CBBA685C192FD646005A6949 /* Frameworks */,
				CBBA685D192FD646005A6949 /* Resources */,
				1C561DCFFC8448FF87242050 /* Copy Pods Resources */,
				CB6F2EDF19381CA300ADFC5E /* ShellScript */,
			);
			buildRules = (
			);
			dependencies = (
			);
			name = "Headshot-ios";
			productName = "Headshot-ios";
			productReference = CBBA685F192FD646005A6949 /* Headshot-ios.app */;
			productType = "com.apple.product-type.application";
		};
		CBBA687E192FD646005A6949 /* Headshot-iosTests */ = {
			isa = PBXNativeTarget;
			buildConfigurationList = CBBA6894192FD646005A6949 /* Build configuration list for PBXNativeTarget "Headshot-iosTests" */;
			buildPhases = (
				CBBA687B192FD646005A6949 /* Sources */,
				CBBA687C192FD646005A6949 /* Frameworks */,
				CBBA687D192FD646005A6949 /* Resources */,
			);
			buildRules = (
			);
			dependencies = (
				CBBA6886192FD646005A6949 /* PBXTargetDependency */,
			);
			name = "Headshot-iosTests";
			productName = "Headshot-iosTests";
			productReference = CBBA687F192FD646005A6949 /* Headshot-iosTests.xctest */;
			productType = "com.apple.product-type.bundle.unit-test";
		};
/* End PBXNativeTarget section */

/* Begin PBXProject section */
		CBBA6857192FD646005A6949 /* Project object */ = {
			isa = PBXProject;
			attributes = {
				LastUpgradeCheck = 0510;
				ORGANIZATIONNAME = "Charlie White";
				TargetAttributes = {
					CBBA685E192FD646005A6949 = {
						DevelopmentTeam = G3JFES9DV5;
					};
					CBBA687E192FD646005A6949 = {
						TestTargetID = CBBA685E192FD646005A6949;
					};
				};
			};
			buildConfigurationList = CBBA685A192FD646005A6949 /* Build configuration list for PBXProject "Headshot-ios" */;
			compatibilityVersion = "Xcode 3.2";
			developmentRegion = English;
			hasScannedForEncodings = 0;
			knownRegions = (
				en,
			);
			mainGroup = CBBA6856192FD646005A6949;
			productRefGroup = CBBA6860192FD646005A6949 /* Products */;
			projectDirPath = "";
			projectRoot = "";
			targets = (
				CBBA685E192FD646005A6949 /* Headshot-ios */,
				CBBA687E192FD646005A6949 /* Headshot-iosTests */,
			);
		};
/* End PBXProject section */

/* Begin PBXResourcesBuildPhase section */
		CBBA685D192FD646005A6949 /* Resources */ = {
			isa = PBXResourcesBuildPhase;
			buildActionMask = 2147483647;
			files = (
				CB0418611948C59600B3DE97 /* ContactInfoTableViewCell.xib in Resources */,
				CBA5D0791936BB2B0044BBCC /* Whitney-Medium.otf in Resources */,
				CBBA686F192FD646005A6949 /* InfoPlist.strings in Resources */,
				CB1F31CA19325D8600CDCFD4 /* ContactViewController.xib in Resources */,
				CBBA687A192FD646005A6949 /* Images.xcassets in Resources */,
				CBBA68E8192FE185005A6949 /* LoginViewController.xib in Resources */,
				CB1F31D11932746F00CDCFD4 /* AccountViewController.xib in Resources */,
				CBA5D0781936BB280044BBCC /* Whitney-Book.otf in Resources */,
				CBA5D07A1936BB2D0044BBCC /* Whitney-Semibold.otf in Resources */,
				CB0E71B01948BA5E002B2B58 /* ContactSectionViewController.xib in Resources */,
			);
			runOnlyForDeploymentPostprocessing = 0;
		};
		CBBA687D192FD646005A6949 /* Resources */ = {
			isa = PBXResourcesBuildPhase;
			buildActionMask = 2147483647;
			files = (
				CBBA688C192FD646005A6949 /* InfoPlist.strings in Resources */,
			);
			runOnlyForDeploymentPostprocessing = 0;
		};
/* End PBXResourcesBuildPhase section */

/* Begin PBXShellScriptBuildPhase section */
		1C561DCFFC8448FF87242050 /* Copy Pods Resources */ = {
			isa = PBXShellScriptBuildPhase;
			buildActionMask = 2147483647;
			files = (
			);
			inputPaths = (
			);
			name = "Copy Pods Resources";
			outputPaths = (
			);
			runOnlyForDeploymentPostprocessing = 0;
			shellPath = /bin/sh;
			shellScript = "\"${SRCROOT}/Pods/Pods-resources.sh\"\n";
			showEnvVarsInLog = 0;
		};
		3D427745FCDA4F7BBBB64A29 /* Check Pods Manifest.lock */ = {
			isa = PBXShellScriptBuildPhase;
			buildActionMask = 2147483647;
			files = (
			);
			inputPaths = (
			);
			name = "Check Pods Manifest.lock";
			outputPaths = (
			);
			runOnlyForDeploymentPostprocessing = 0;
			shellPath = /bin/sh;
			shellScript = "diff \"${PODS_ROOT}/../Podfile.lock\" \"${PODS_ROOT}/Manifest.lock\" > /dev/null\nif [[ $? != 0 ]] ; then\n    cat << EOM\nerror: The sandbox is not in sync with the Podfile.lock. Run 'pod install' or update your CocoaPods installation.\nEOM\n    exit 1\nfi\n";
			showEnvVarsInLog = 0;
		};
		CB6F2EDF19381CA300ADFC5E /* ShellScript */ = {
			isa = PBXShellScriptBuildPhase;
			buildActionMask = 2147483647;
			files = (
			);
			inputPaths = (
			);
			outputPaths = (
			);
			runOnlyForDeploymentPostprocessing = 0;
			shellPath = "/bin/bash -e";
			shellScript = "#mdfind -onlyin \"${SRCROOT}\" \"kMDItemContentTypeTree == public.font\" -0 | sort -z | xargs -0 /usr/local/bin/moarfonts install";
		};
/* End PBXShellScriptBuildPhase section */

/* Begin PBXSourcesBuildPhase section */
		CBBA685B192FD646005A6949 /* Sources */ = {
			isa = PBXSourcesBuildPhase;
			buildActionMask = 2147483647;
			files = (
				96696337194E2018003B22B5 /* FormView.m in Sources */,
				CBB5183D194A3F04001C2E0C /* SDCEmbeddedSegmentSegue.m in Sources */,
				CBBA68DE192FE0B5005A6949 /* User.m in Sources */,
				CBBA6875192FD646005A6949 /* AppDelegate.m in Sources */,
				964A6BE3194E6B9B0024B3C2 /* OnboardAddOfficeViewController.m in Sources */,
				CB0418601948C59600B3DE97 /* ContactInfoTableViewCell.m in Sources */,
				96DB2DFE19539E27005E1F93 /* OnboardSelectManagersViewControllers.m in Sources */,
				CB1F31D01932746F00CDCFD4 /* AccountViewController.m in Sources */,
				964A6BD4194E2C180024B3C2 /* UIView+Edge.m in Sources */,
				CB0418651949310300B3DE97 /* DepartmentsTableViewController.m in Sources */,
				964A6BF2194F93250024B3C2 /* OnboardPushPermissionViewController.m in Sources */,
				CB1F31AF19315A6700CDCFD4 /* MessageThreadViewController.m in Sources */,
				CBBA68A2192FD850005A6949 /* TRDataStoreManager.m in Sources */,
				CB1F31D919327FC600CDCFD4 /* Geofencer.m in Sources */,
				CB0E71AF1948BA5E002B2B58 /* ContactSectionViewController.m in Sources */,
				CBBA6871192FD646005A6949 /* main.m in Sources */,
				964A6BE9194F39620024B3C2 /* MessageThreadPreviewCell.m in Sources */,
				96C2CF9B19577EBC00E77CFD /* EditProfileViewController.m in Sources */,
				969B8700195285DF00090B49 /* OnboardSelectDepartmentViewController.m in Sources */,
				CB1F31C51931A12600CDCFD4 /* NewThreadTableViewController.m in Sources */,
				964A6BD7194E31C40024B3C2 /* OnboardUserDetailsViewController.m in Sources */,
				96696330194B5061003B22B5 /* NotificationManager.m in Sources */,
				964A6BE0194E66480024B3C2 /* OnboardSelectOfficeViewController.m in Sources */,
				CBBA68DB192FE0B5005A6949 /* Account.m in Sources */,
				CB04186B194A338900B3DE97 /* DepartmentContactsTableViewController.m in Sources */,
				96C2CF9F19577EE300E77CFD /* SettingsViewController.m in Sources */,
				CB1F31D419327B6000CDCFD4 /* OfficeLocation.m in Sources */,
				964A6BEC194F6B760024B3C2 /* User+FindAllExcludeCurrent.m in Sources */,
				CBBA68EB192FE19D005A6949 /* TRNavigationController.m in Sources */,
				964A6BDD194E5E120024B3C2 /* OnboardJobViewController.m in Sources */,
				9669633B194E262F003B22B5 /* EmailLoginViewController.m in Sources */,
				CB1F31A91931599000CDCFD4 /* MessageThread.m in Sources */,
				9647ACA3194AD89300F6A4AF /* DefaultTheme.m in Sources */,
				96696333194B6CF7003B22B5 /* Constants.m in Sources */,
				CBBA68D8192FE0B5005A6949 /* EmployeeInfo.m in Sources */,
				CBB5183E194A3F04001C2E0C /* SDCSegmentedViewController.m in Sources */,
				CBBA68FA192FE26C005A6949 /* MessagesTableViewController.m in Sources */,
				CBBA68E2192FE16F005A6949 /* TRTabBarController.m in Sources */,
				CBBA68F7192FE262005A6949 /* ContactsTableViewController.m in Sources */,
				CB1F31AC1931599100CDCFD4 /* Message.m in Sources */,
				964A6BE6194F2FB90024B3C2 /* DatePickerModalView.m in Sources */,
				964A6BD3194E2C180024B3C2 /* UIView+Shadow.m in Sources */,
				CB041868194A2FFE00B3DE97 /* Department.m in Sources */,
				CB354D34194B710E00E537C2 /* Company.m in Sources */,
				CBBA68C0192FDE72005A6949 /* CredentialStore.m in Sources */,
				CB0E71A8194897B0002B2B58 /* ContactDetailsDataSource.m in Sources */,
				9647ACA4194AD89300F6A4AF /* Theme.m in Sources */,
				964A6BEF194F8F7A0024B3C2 /* OnboardLocationPermissionViewController.m in Sources */,
				CBBA68FD192FE474005A6949 /* ContactsDataSource.m in Sources */,
				968254DE195494770036955A /* NSDate+BadgeFormattedDate.m in Sources */,
				CBA5D0831936BD4D0044BBCC /* ContactCell.m in Sources */,
				CBBA68A3192FD850005A6949 /* TRBackgroundQueue.m in Sources */,
				CBBA68AB192FD8FD005A6949 /* TRJSONResponseSerializerWithData.m in Sources */,
				CBBA68AD192FD8FD005A6949 /* HeadshotRequestAPIClient.m in Sources */,
				CBBA6878192FD646005A6949 /* Headshot.xcdatamodeld in Sources */,
				CB1F31C919325D8600CDCFD4 /* ContactViewController.m in Sources */,
				CB04186E194A358600B3DE97 /* DepartmentCell.m in Sources */,
				CBBA68A0192FD850005A6949 /* Store.m in Sources */,
				CB1F31B41931749D00CDCFD4 /* SinchClient.m in Sources */,
				964A6BDA194E35DE0024B3C2 /* OnboardNavigationController.m in Sources */,
				CBBA68E7192FE185005A6949 /* LoginViewController.m in Sources */,
				CBBA68AC192FD8FD005A6949 /* HeadshotAPIClient.m in Sources */,
			);
			runOnlyForDeploymentPostprocessing = 0;
		};
		CBBA687B192FD646005A6949 /* Sources */ = {
			isa = PBXSourcesBuildPhase;
			buildActionMask = 2147483647;
			files = (
				CBBA688E192FD646005A6949 /* Headshot_iosTests.m in Sources */,
			);
			runOnlyForDeploymentPostprocessing = 0;
		};
/* End PBXSourcesBuildPhase section */

/* Begin PBXTargetDependency section */
		CBBA6886192FD646005A6949 /* PBXTargetDependency */ = {
			isa = PBXTargetDependency;
			target = CBBA685E192FD646005A6949 /* Headshot-ios */;
			targetProxy = CBBA6885192FD646005A6949 /* PBXContainerItemProxy */;
		};
/* End PBXTargetDependency section */

/* Begin PBXVariantGroup section */
		CBBA686D192FD646005A6949 /* InfoPlist.strings */ = {
			isa = PBXVariantGroup;
			children = (
				CBBA686E192FD646005A6949 /* en */,
			);
			name = InfoPlist.strings;
			sourceTree = "<group>";
		};
		CBBA688A192FD646005A6949 /* InfoPlist.strings */ = {
			isa = PBXVariantGroup;
			children = (
				CBBA688B192FD646005A6949 /* en */,
			);
			name = InfoPlist.strings;
			sourceTree = "<group>";
		};
/* End PBXVariantGroup section */

/* Begin XCBuildConfiguration section */
		CBBA688F192FD646005A6949 /* Debug */ = {
			isa = XCBuildConfiguration;
			buildSettings = {
				ALWAYS_SEARCH_USER_PATHS = NO;
				CLANG_CXX_LANGUAGE_STANDARD = "gnu++0x";
				CLANG_CXX_LIBRARY = "libc++";
				CLANG_ENABLE_MODULES = YES;
				CLANG_ENABLE_OBJC_ARC = YES;
				CLANG_WARN_BOOL_CONVERSION = YES;
				CLANG_WARN_CONSTANT_CONVERSION = YES;
				CLANG_WARN_DIRECT_OBJC_ISA_USAGE = YES_ERROR;
				CLANG_WARN_EMPTY_BODY = YES;
				CLANG_WARN_ENUM_CONVERSION = YES;
				CLANG_WARN_INT_CONVERSION = YES;
				CLANG_WARN_OBJC_ROOT_CLASS = YES_ERROR;
				CLANG_WARN__DUPLICATE_METHOD_MATCH = YES;
				"CODE_SIGN_IDENTITY[sdk=iphoneos*]" = "iPhone Developer";
				COPY_PHASE_STRIP = NO;
				GCC_C_LANGUAGE_STANDARD = gnu99;
				GCC_DYNAMIC_NO_PIC = NO;
				GCC_OPTIMIZATION_LEVEL = 0;
				GCC_PREPROCESSOR_DEFINITIONS = (
					"DEBUG=1",
					"$(inherited)",
				);
				GCC_SYMBOLS_PRIVATE_EXTERN = NO;
				GCC_WARN_64_TO_32_BIT_CONVERSION = YES;
				GCC_WARN_ABOUT_RETURN_TYPE = YES_ERROR;
				GCC_WARN_UNDECLARED_SELECTOR = YES;
				GCC_WARN_UNINITIALIZED_AUTOS = YES_AGGRESSIVE;
				GCC_WARN_UNUSED_FUNCTION = YES;
				GCC_WARN_UNUSED_VARIABLE = YES;
				IPHONEOS_DEPLOYMENT_TARGET = 7.1;
				ONLY_ACTIVE_ARCH = YES;
				SDKROOT = iphoneos;
			};
			name = Debug;
		};
		CBBA6890192FD646005A6949 /* Release */ = {
			isa = XCBuildConfiguration;
			buildSettings = {
				ALWAYS_SEARCH_USER_PATHS = NO;
				CLANG_CXX_LANGUAGE_STANDARD = "gnu++0x";
				CLANG_CXX_LIBRARY = "libc++";
				CLANG_ENABLE_MODULES = YES;
				CLANG_ENABLE_OBJC_ARC = YES;
				CLANG_WARN_BOOL_CONVERSION = YES;
				CLANG_WARN_CONSTANT_CONVERSION = YES;
				CLANG_WARN_DIRECT_OBJC_ISA_USAGE = YES_ERROR;
				CLANG_WARN_EMPTY_BODY = YES;
				CLANG_WARN_ENUM_CONVERSION = YES;
				CLANG_WARN_INT_CONVERSION = YES;
				CLANG_WARN_OBJC_ROOT_CLASS = YES_ERROR;
				CLANG_WARN__DUPLICATE_METHOD_MATCH = YES;
				"CODE_SIGN_IDENTITY[sdk=iphoneos*]" = "iPhone Developer";
				COPY_PHASE_STRIP = YES;
				ENABLE_NS_ASSERTIONS = NO;
				GCC_C_LANGUAGE_STANDARD = gnu99;
				GCC_WARN_64_TO_32_BIT_CONVERSION = YES;
				GCC_WARN_ABOUT_RETURN_TYPE = YES_ERROR;
				GCC_WARN_UNDECLARED_SELECTOR = YES;
				GCC_WARN_UNINITIALIZED_AUTOS = YES_AGGRESSIVE;
				GCC_WARN_UNUSED_FUNCTION = YES;
				GCC_WARN_UNUSED_VARIABLE = YES;
				IPHONEOS_DEPLOYMENT_TARGET = 7.1;
				SDKROOT = iphoneos;
				VALIDATE_PRODUCT = YES;
			};
			name = Release;
		};
		CBBA6892192FD646005A6949 /* Debug */ = {
			isa = XCBuildConfiguration;
			baseConfigurationReference = 30B39923FA64452EB4653D38 /* Pods.xcconfig */;
			buildSettings = {
				ASSETCATALOG_COMPILER_APPICON_NAME = AppIcon;
				ASSETCATALOG_COMPILER_LAUNCHIMAGE_NAME = LaunchImage;
				CODE_SIGN_IDENTITY = "iPhone Developer: Richardson White (4AM4VLZM5Y)";
				"CODE_SIGN_IDENTITY[sdk=iphoneos*]" = "iPhone Developer: Richardson White (4AM4VLZM5Y)";
				FRAMEWORK_SEARCH_PATHS = (
					"$(inherited)",
					"$(PROJECT_DIR)",
				);
				GCC_PRECOMPILE_PREFIX_HEADER = YES;
				GCC_PREFIX_HEADER = "Headshot-ios/Headshot-ios-Prefix.pch";
				INFOPLIST_FILE = "Headshot-ios/Headshot-ios-Info.plist";
				OTHER_LDFLAGS = (
					"-ObjC",
					"-Xlinker",
					"-lstdc++",
				);
				PRODUCT_NAME = "$(TARGET_NAME)";
				PROVISIONING_PROFILE = "868B1FF7-DFE8-431A-A9FB-02C51C33261B";
				VALID_ARCHS = "armv7 armv7s";
				WRAPPER_EXTENSION = app;
			};
			name = Debug;
		};
		CBBA6893192FD646005A6949 /* Release */ = {
			isa = XCBuildConfiguration;
			baseConfigurationReference = 30B39923FA64452EB4653D38 /* Pods.xcconfig */;
			buildSettings = {
				ASSETCATALOG_COMPILER_APPICON_NAME = AppIcon;
				ASSETCATALOG_COMPILER_LAUNCHIMAGE_NAME = LaunchImage;
				CODE_SIGN_IDENTITY = "iPhone Developer: Richardson White (4AM4VLZM5Y)";
				"CODE_SIGN_IDENTITY[sdk=iphoneos*]" = "iPhone Developer: Richardson White (4AM4VLZM5Y)";
				FRAMEWORK_SEARCH_PATHS = (
					"$(inherited)",
					"$(PROJECT_DIR)",
				);
				GCC_PRECOMPILE_PREFIX_HEADER = YES;
				GCC_PREFIX_HEADER = "Headshot-ios/Headshot-ios-Prefix.pch";
				INFOPLIST_FILE = "Headshot-ios/Headshot-ios-Info.plist";
				OTHER_LDFLAGS = (
					"-ObjC",
					"-Xlinker",
					"-lstdc++",
				);
				PRODUCT_NAME = "$(TARGET_NAME)";
				PROVISIONING_PROFILE = "868B1FF7-DFE8-431A-A9FB-02C51C33261B";
				VALID_ARCHS = "armv7 armv7s";
				WRAPPER_EXTENSION = app;
			};
			name = Release;
		};
		CBBA6895192FD646005A6949 /* Debug */ = {
			isa = XCBuildConfiguration;
			buildSettings = {
				BUNDLE_LOADER = "$(BUILT_PRODUCTS_DIR)/Headshot-ios.app/Headshot-ios";
				FRAMEWORK_SEARCH_PATHS = (
					"$(SDKROOT)/Developer/Library/Frameworks",
					"$(inherited)",
					"$(DEVELOPER_FRAMEWORKS_DIR)",
				);
				GCC_PRECOMPILE_PREFIX_HEADER = YES;
				GCC_PREFIX_HEADER = "Headshot-ios/Headshot-ios-Prefix.pch";
				GCC_PREPROCESSOR_DEFINITIONS = (
					"DEBUG=1",
					"$(inherited)",
				);
				INFOPLIST_FILE = "Headshot-iosTests/Headshot-iosTests-Info.plist";
				PRODUCT_NAME = "$(TARGET_NAME)";
				TEST_HOST = "$(BUNDLE_LOADER)";
				WRAPPER_EXTENSION = xctest;
			};
			name = Debug;
		};
		CBBA6896192FD646005A6949 /* Release */ = {
			isa = XCBuildConfiguration;
			buildSettings = {
				BUNDLE_LOADER = "$(BUILT_PRODUCTS_DIR)/Headshot-ios.app/Headshot-ios";
				FRAMEWORK_SEARCH_PATHS = (
					"$(SDKROOT)/Developer/Library/Frameworks",
					"$(inherited)",
					"$(DEVELOPER_FRAMEWORKS_DIR)",
				);
				GCC_PRECOMPILE_PREFIX_HEADER = YES;
				GCC_PREFIX_HEADER = "Headshot-ios/Headshot-ios-Prefix.pch";
				INFOPLIST_FILE = "Headshot-iosTests/Headshot-iosTests-Info.plist";
				PRODUCT_NAME = "$(TARGET_NAME)";
				TEST_HOST = "$(BUNDLE_LOADER)";
				WRAPPER_EXTENSION = xctest;
			};
			name = Release;
		};
/* End XCBuildConfiguration section */

/* Begin XCConfigurationList section */
		CBBA685A192FD646005A6949 /* Build configuration list for PBXProject "Headshot-ios" */ = {
			isa = XCConfigurationList;
			buildConfigurations = (
				CBBA688F192FD646005A6949 /* Debug */,
				CBBA6890192FD646005A6949 /* Release */,
			);
			defaultConfigurationIsVisible = 0;
			defaultConfigurationName = Release;
		};
		CBBA6891192FD646005A6949 /* Build configuration list for PBXNativeTarget "Headshot-ios" */ = {
			isa = XCConfigurationList;
			buildConfigurations = (
				CBBA6892192FD646005A6949 /* Debug */,
				CBBA6893192FD646005A6949 /* Release */,
			);
			defaultConfigurationIsVisible = 0;
			defaultConfigurationName = Release;
		};
		CBBA6894192FD646005A6949 /* Build configuration list for PBXNativeTarget "Headshot-iosTests" */ = {
			isa = XCConfigurationList;
			buildConfigurations = (
				CBBA6895192FD646005A6949 /* Debug */,
				CBBA6896192FD646005A6949 /* Release */,
			);
			defaultConfigurationIsVisible = 0;
			defaultConfigurationName = Release;
		};
/* End XCConfigurationList section */

/* Begin XCVersionGroup section */
		CBBA6876192FD646005A6949 /* Headshot.xcdatamodeld */ = {
			isa = XCVersionGroup;
			children = (
				CBBA6877192FD646005A6949 /* Headshot.xcdatamodel */,
			);
			currentVersion = CBBA6877192FD646005A6949 /* Headshot.xcdatamodel */;
			path = Headshot.xcdatamodeld;
			sourceTree = "<group>";
			versionGroupType = wrapper.xcdatamodel;
		};
/* End XCVersionGroup section */
	};
	rootObject = CBBA6857192FD646005A6949 /* Project object */;
}
