// !$*UTF8*$!
{
	archiveVersion = 1;
	classes = {
	};
	objectVersion = 46;
	objects = {

/* Begin PBXBuildFile section */
		CBBA6863192FD646005A6949 /* Foundation.framework in Frameworks */ = {isa = PBXBuildFile; fileRef = CBBA6862192FD646005A6949 /* Foundation.framework */; };
		CBBA6865192FD646005A6949 /* CoreGraphics.framework in Frameworks */ = {isa = PBXBuildFile; fileRef = CBBA6864192FD646005A6949 /* CoreGraphics.framework */; };
		CBBA6867192FD646005A6949 /* UIKit.framework in Frameworks */ = {isa = PBXBuildFile; fileRef = CBBA6866192FD646005A6949 /* UIKit.framework */; };
		CBBA6869192FD646005A6949 /* CoreData.framework in Frameworks */ = {isa = PBXBuildFile; fileRef = CBBA6868192FD646005A6949 /* CoreData.framework */; };
		CBBA686F192FD646005A6949 /* InfoPlist.strings in Resources */ = {isa = PBXBuildFile; fileRef = CBBA686D192FD646005A6949 /* InfoPlist.strings */; };
		CBBA6871192FD646005A6949 /* main.m in Sources */ = {isa = PBXBuildFile; fileRef = CBBA6870192FD646005A6949 /* main.m */; };
		CBBA6875192FD646005A6949 /* AppDelegate.m in Sources */ = {isa = PBXBuildFile; fileRef = CBBA6874192FD646005A6949 /* AppDelegate.m */; };
		CBBA6878192FD646005A6949 /* Headshot_ios.xcdatamodeld in Sources */ = {isa = PBXBuildFile; fileRef = CBBA6876192FD646005A6949 /* Headshot_ios.xcdatamodeld */; };
		CBBA687A192FD646005A6949 /* Images.xcassets in Resources */ = {isa = PBXBuildFile; fileRef = CBBA6879192FD646005A6949 /* Images.xcassets */; };
		CBBA6881192FD646005A6949 /* XCTest.framework in Frameworks */ = {isa = PBXBuildFile; fileRef = CBBA6880192FD646005A6949 /* XCTest.framework */; };
		CBBA6882192FD646005A6949 /* Foundation.framework in Frameworks */ = {isa = PBXBuildFile; fileRef = CBBA6862192FD646005A6949 /* Foundation.framework */; };
		CBBA6883192FD646005A6949 /* UIKit.framework in Frameworks */ = {isa = PBXBuildFile; fileRef = CBBA6866192FD646005A6949 /* UIKit.framework */; };
		CBBA6884192FD646005A6949 /* CoreData.framework in Frameworks */ = {isa = PBXBuildFile; fileRef = CBBA6868192FD646005A6949 /* CoreData.framework */; };
		CBBA688C192FD646005A6949 /* InfoPlist.strings in Resources */ = {isa = PBXBuildFile; fileRef = CBBA688A192FD646005A6949 /* InfoPlist.strings */; };
		CBBA688E192FD646005A6949 /* Headshot_iosTests.m in Sources */ = {isa = PBXBuildFile; fileRef = CBBA688D192FD646005A6949 /* Headshot_iosTests.m */; };
/* End PBXBuildFile section */

/* Begin PBXContainerItemProxy section */
		CBBA6885192FD646005A6949 /* PBXContainerItemProxy */ = {
			isa = PBXContainerItemProxy;
			containerPortal = CBBA6857192FD646005A6949 /* Project object */;
			proxyType = 1;
			remoteGlobalIDString = CBBA685E192FD646005A6949;
			remoteInfo = "Headshot-ios";
		};
/* End PBXContainerItemProxy section */

/* Begin PBXFileReference section */
		CBBA685F192FD646005A6949 /* Headshot-ios.app */ = {isa = PBXFileReference; explicitFileType = wrapper.application; includeInIndex = 0; path = "Headshot-ios.app"; sourceTree = BUILT_PRODUCTS_DIR; };
		CBBA6862192FD646005A6949 /* Foundation.framework */ = {isa = PBXFileReference; lastKnownFileType = wrapper.framework; name = Foundation.framework; path = System/Library/Frameworks/Foundation.framework; sourceTree = SDKROOT; };
		CBBA6864192FD646005A6949 /* CoreGraphics.framework */ = {isa = PBXFileReference; lastKnownFileType = wrapper.framework; name = CoreGraphics.framework; path = System/Library/Frameworks/CoreGraphics.framework; sourceTree = SDKROOT; };
		CBBA6866192FD646005A6949 /* UIKit.framework */ = {isa = PBXFileReference; lastKnownFileType = wrapper.framework; name = UIKit.framework; path = System/Library/Frameworks/UIKit.framework; sourceTree = SDKROOT; };
		CBBA6868192FD646005A6949 /* CoreData.framework */ = {isa = PBXFileReference; lastKnownFileType = wrapper.framework; name = CoreData.framework; path = System/Library/Frameworks/CoreData.framework; sourceTree = SDKROOT; };
		CBBA686C192FD646005A6949 /* Headshot-ios-Info.plist */ = {isa = PBXFileReference; lastKnownFileType = text.plist.xml; path = "Headshot-ios-Info.plist"; sourceTree = "<group>"; };
		CBBA686E192FD646005A6949 /* en */ = {isa = PBXFileReference; lastKnownFileType = text.plist.strings; name = en; path = en.lproj/InfoPlist.strings; sourceTree = "<group>"; };
		CBBA6870192FD646005A6949 /* main.m */ = {isa = PBXFileReference; lastKnownFileType = sourcecode.c.objc; path = main.m; sourceTree = "<group>"; };
		CBBA6872192FD646005A6949 /* Headshot-ios-Prefix.pch */ = {isa = PBXFileReference; lastKnownFileType = sourcecode.c.h; path = "Headshot-ios-Prefix.pch"; sourceTree = "<group>"; };
		CBBA6873192FD646005A6949 /* AppDelegate.h */ = {isa = PBXFileReference; lastKnownFileType = sourcecode.c.h; path = AppDelegate.h; sourceTree = "<group>"; };
		CBBA6874192FD646005A6949 /* AppDelegate.m */ = {isa = PBXFileReference; lastKnownFileType = sourcecode.c.objc; path = AppDelegate.m; sourceTree = "<group>"; };
		CBBA6877192FD646005A6949 /* Headshot_ios.xcdatamodel */ = {isa = PBXFileReference; lastKnownFileType = wrapper.xcdatamodel; path = Headshot_ios.xcdatamodel; sourceTree = "<group>"; };
		CBBA6879192FD646005A6949 /* Images.xcassets */ = {isa = PBXFileReference; lastKnownFileType = folder.assetcatalog; path = Images.xcassets; sourceTree = "<group>"; };
		CBBA687F192FD646005A6949 /* Headshot-iosTests.xctest */ = {isa = PBXFileReference; explicitFileType = wrapper.cfbundle; includeInIndex = 0; path = "Headshot-iosTests.xctest"; sourceTree = BUILT_PRODUCTS_DIR; };
		CBBA6880192FD646005A6949 /* XCTest.framework */ = {isa = PBXFileReference; lastKnownFileType = wrapper.framework; name = XCTest.framework; path = Library/Frameworks/XCTest.framework; sourceTree = DEVELOPER_DIR; };
		CBBA6889192FD646005A6949 /* Headshot-iosTests-Info.plist */ = {isa = PBXFileReference; lastKnownFileType = text.plist.xml; path = "Headshot-iosTests-Info.plist"; sourceTree = "<group>"; };
		CBBA688B192FD646005A6949 /* en */ = {isa = PBXFileReference; lastKnownFileType = text.plist.strings; name = en; path = en.lproj/InfoPlist.strings; sourceTree = "<group>"; };
		CBBA688D192FD646005A6949 /* Headshot_iosTests.m */ = {isa = PBXFileReference; lastKnownFileType = sourcecode.c.objc; path = Headshot_iosTests.m; sourceTree = "<group>"; };
/* End PBXFileReference section */

/* Begin PBXFrameworksBuildPhase section */
		CBBA685C192FD646005A6949 /* Frameworks */ = {
			isa = PBXFrameworksBuildPhase;
			buildActionMask = 2147483647;
			files = (
				CBBA6865192FD646005A6949 /* CoreGraphics.framework in Frameworks */,
				CBBA6869192FD646005A6949 /* CoreData.framework in Frameworks */,
				CBBA6867192FD646005A6949 /* UIKit.framework in Frameworks */,
				CBBA6863192FD646005A6949 /* Foundation.framework in Frameworks */,
			);
			runOnlyForDeploymentPostprocessing = 0;
		};
		CBBA687C192FD646005A6949 /* Frameworks */ = {
			isa = PBXFrameworksBuildPhase;
			buildActionMask = 2147483647;
			files = (
				CBBA6881192FD646005A6949 /* XCTest.framework in Frameworks */,
				CBBA6884192FD646005A6949 /* CoreData.framework in Frameworks */,
				CBBA6883192FD646005A6949 /* UIKit.framework in Frameworks */,
				CBBA6882192FD646005A6949 /* Foundation.framework in Frameworks */,
			);
			runOnlyForDeploymentPostprocessing = 0;
		};
/* End PBXFrameworksBuildPhase section */

/* Begin PBXGroup section */
		CBBA6856192FD646005A6949 = {
			isa = PBXGroup;
			children = (
				CBBA686A192FD646005A6949 /* Headshot-ios */,
				CBBA6887192FD646005A6949 /* Headshot-iosTests */,
				CBBA6861192FD646005A6949 /* Frameworks */,
				CBBA6860192FD646005A6949 /* Products */,
			);
			sourceTree = "<group>";
		};
		CBBA6860192FD646005A6949 /* Products */ = {
			isa = PBXGroup;
			children = (
				CBBA685F192FD646005A6949 /* Headshot-ios.app */,
				CBBA687F192FD646005A6949 /* Headshot-iosTests.xctest */,
			);
			name = Products;
			sourceTree = "<group>";
		};
		CBBA6861192FD646005A6949 /* Frameworks */ = {
			isa = PBXGroup;
			children = (
				CBBA6862192FD646005A6949 /* Foundation.framework */,
				CBBA6864192FD646005A6949 /* CoreGraphics.framework */,
				CBBA6866192FD646005A6949 /* UIKit.framework */,
				CBBA6868192FD646005A6949 /* CoreData.framework */,
				CBBA6880192FD646005A6949 /* XCTest.framework */,
			);
			name = Frameworks;
			sourceTree = "<group>";
		};
		CBBA686A192FD646005A6949 /* Headshot-ios */ = {
			isa = PBXGroup;
			children = (
				CBBA6873192FD646005A6949 /* AppDelegate.h */,
				CBBA6874192FD646005A6949 /* AppDelegate.m */,
				CBBA6879192FD646005A6949 /* Images.xcassets */,
				CBBA6876192FD646005A6949 /* Headshot_ios.xcdatamodeld */,
				CBBA686B192FD646005A6949 /* Supporting Files */,
			);
			path = "Headshot-ios";
			sourceTree = "<group>";
		};
		CBBA686B192FD646005A6949 /* Supporting Files */ = {
			isa = PBXGroup;
			children = (
				CBBA686C192FD646005A6949 /* Headshot-ios-Info.plist */,
				CBBA686D192FD646005A6949 /* InfoPlist.strings */,
				CBBA6870192FD646005A6949 /* main.m */,
				CBBA6872192FD646005A6949 /* Headshot-ios-Prefix.pch */,
			);
			name = "Supporting Files";
			sourceTree = "<group>";
		};
		CBBA6887192FD646005A6949 /* Headshot-iosTests */ = {
			isa = PBXGroup;
			children = (
				CBBA688D192FD646005A6949 /* Headshot_iosTests.m */,
				CBBA6888192FD646005A6949 /* Supporting Files */,
			);
			path = "Headshot-iosTests";
			sourceTree = "<group>";
		};
		CBBA6888192FD646005A6949 /* Supporting Files */ = {
			isa = PBXGroup;
			children = (
				CBBA6889192FD646005A6949 /* Headshot-iosTests-Info.plist */,
				CBBA688A192FD646005A6949 /* InfoPlist.strings */,
			);
			name = "Supporting Files";
			sourceTree = "<group>";
		};
/* End PBXGroup section */

/* Begin PBXNativeTarget section */
		CBBA685E192FD646005A6949 /* Headshot-ios */ = {
			isa = PBXNativeTarget;
			buildConfigurationList = CBBA6891192FD646005A6949 /* Build configuration list for PBXNativeTarget "Headshot-ios" */;
			buildPhases = (
				CBBA685B192FD646005A6949 /* Sources */,
				CBBA685C192FD646005A6949 /* Frameworks */,
				CBBA685D192FD646005A6949 /* Resources */,
			);
			buildRules = (
			);
			dependencies = (
			);
			name = "Headshot-ios";
			productName = "Headshot-ios";
			productReference = CBBA685F192FD646005A6949 /* Headshot-ios.app */;
			productType = "com.apple.product-type.application";
		};
		CBBA687E192FD646005A6949 /* Headshot-iosTests */ = {
			isa = PBXNativeTarget;
			buildConfigurationList = CBBA6894192FD646005A6949 /* Build configuration list for PBXNativeTarget "Headshot-iosTests" */;
			buildPhases = (
				CBBA687B192FD646005A6949 /* Sources */,
				CBBA687C192FD646005A6949 /* Frameworks */,
				CBBA687D192FD646005A6949 /* Resources */,
			);
			buildRules = (
			);
			dependencies = (
				CBBA6886192FD646005A6949 /* PBXTargetDependency */,
			);
			name = "Headshot-iosTests";
			productName = "Headshot-iosTests";
			productReference = CBBA687F192FD646005A6949 /* Headshot-iosTests.xctest */;
			productType = "com.apple.product-type.bundle.unit-test";
		};
/* End PBXNativeTarget section */

/* Begin PBXProject section */
		CBBA6857192FD646005A6949 /* Project object */ = {
			isa = PBXProject;
			attributes = {
				LastUpgradeCheck = 0510;
				ORGANIZATIONNAME = "Charlie White";
				TargetAttributes = {
					CBBA687E192FD646005A6949 = {
						TestTargetID = CBBA685E192FD646005A6949;
					};
				};
			};
			buildConfigurationList = CBBA685A192FD646005A6949 /* Build configuration list for PBXProject "Headshot-ios" */;
			compatibilityVersion = "Xcode 3.2";
			developmentRegion = English;
			hasScannedForEncodings = 0;
			knownRegions = (
				en,
			);
			mainGroup = CBBA6856192FD646005A6949;
			productRefGroup = CBBA6860192FD646005A6949 /* Products */;
			projectDirPath = "";
			projectRoot = "";
			targets = (
				CBBA685E192FD646005A6949 /* Headshot-ios */,
				CBBA687E192FD646005A6949 /* Headshot-iosTests */,
			);
		};
/* End PBXProject section */

/* Begin PBXResourcesBuildPhase section */
		CBBA685D192FD646005A6949 /* Resources */ = {
			isa = PBXResourcesBuildPhase;
			buildActionMask = 2147483647;
			files = (
				CBBA686F192FD646005A6949 /* InfoPlist.strings in Resources */,
				CBBA687A192FD646005A6949 /* Images.xcassets in Resources */,
			);
			runOnlyForDeploymentPostprocessing = 0;
		};
		CBBA687D192FD646005A6949 /* Resources */ = {
			isa = PBXResourcesBuildPhase;
			buildActionMask = 2147483647;
			files = (
				CBBA688C192FD646005A6949 /* InfoPlist.strings in Resources */,
			);
			runOnlyForDeploymentPostprocessing = 0;
		};
/* End PBXResourcesBuildPhase section */

/* Begin PBXSourcesBuildPhase section */
		CBBA685B192FD646005A6949 /* Sources */ = {
			isa = PBXSourcesBuildPhase;
			buildActionMask = 2147483647;
			files = (
				CBBA6875192FD646005A6949 /* AppDelegate.m in Sources */,
				CBBA6871192FD646005A6949 /* main.m in Sources */,
				CBBA6878192FD646005A6949 /* Headshot_ios.xcdatamodeld in Sources */,
			);
			runOnlyForDeploymentPostprocessing = 0;
		};
		CBBA687B192FD646005A6949 /* Sources */ = {
			isa = PBXSourcesBuildPhase;
			buildActionMask = 2147483647;
			files = (
				CBBA688E192FD646005A6949 /* Headshot_iosTests.m in Sources */,
			);
			runOnlyForDeploymentPostprocessing = 0;
		};
/* End PBXSourcesBuildPhase section */

/* Begin PBXTargetDependency section */
		CBBA6886192FD646005A6949 /* PBXTargetDependency */ = {
			isa = PBXTargetDependency;
			target = CBBA685E192FD646005A6949 /* Headshot-ios */;
			targetProxy = CBBA6885192FD646005A6949 /* PBXContainerItemProxy */;
		};
/* End PBXTargetDependency section */

/* Begin PBXVariantGroup section */
		CBBA686D192FD646005A6949 /* InfoPlist.strings */ = {
			isa = PBXVariantGroup;
			children = (
				CBBA686E192FD646005A6949 /* en */,
			);
			name = InfoPlist.strings;
			sourceTree = "<group>";
		};
		CBBA688A192FD646005A6949 /* InfoPlist.strings */ = {
			isa = PBXVariantGroup;
			children = (
				CBBA688B192FD646005A6949 /* en */,
			);
			name = InfoPlist.strings;
			sourceTree = "<group>";
		};
/* End PBXVariantGroup section */

/* Begin XCBuildConfiguration section */
		CBBA688F192FD646005A6949 /* Debug */ = {
			isa = XCBuildConfiguration;
			buildSettings = {
				ALWAYS_SEARCH_USER_PATHS = NO;
				CLANG_CXX_LANGUAGE_STANDARD = "gnu++0x";
				CLANG_CXX_LIBRARY = "libc++";
				CLANG_ENABLE_MODULES = YES;
				CLANG_ENABLE_OBJC_ARC = YES;
				CLANG_WARN_BOOL_CONVERSION = YES;
				CLANG_WARN_CONSTANT_CONVERSION = YES;
				CLANG_WARN_DIRECT_OBJC_ISA_USAGE = YES_ERROR;
				CLANG_WARN_EMPTY_BODY = YES;
				CLANG_WARN_ENUM_CONVERSION = YES;
				CLANG_WARN_INT_CONVERSION = YES;
				CLANG_WARN_OBJC_ROOT_CLASS = YES_ERROR;
				CLANG_WARN__DUPLICATE_METHOD_MATCH = YES;
				"CODE_SIGN_IDENTITY[sdk=iphoneos*]" = "iPhone Developer";
				COPY_PHASE_STRIP = NO;
				GCC_C_LANGUAGE_STANDARD = gnu99;
				GCC_DYNAMIC_NO_PIC = NO;
				GCC_OPTIMIZATION_LEVEL = 0;
				GCC_PREPROCESSOR_DEFINITIONS = (
					"DEBUG=1",
					"$(inherited)",
				);
				GCC_SYMBOLS_PRIVATE_EXTERN = NO;
				GCC_WARN_64_TO_32_BIT_CONVERSION = YES;
				GCC_WARN_ABOUT_RETURN_TYPE = YES_ERROR;
				GCC_WARN_UNDECLARED_SELECTOR = YES;
				GCC_WARN_UNINITIALIZED_AUTOS = YES_AGGRESSIVE;
				GCC_WARN_UNUSED_FUNCTION = YES;
				GCC_WARN_UNUSED_VARIABLE = YES;
				IPHONEOS_DEPLOYMENT_TARGET = 7.1;
				ONLY_ACTIVE_ARCH = YES;
				SDKROOT = iphoneos;
			};
			name = Debug;
		};
		CBBA6890192FD646005A6949 /* Release */ = {
			isa = XCBuildConfiguration;
			buildSettings = {
				ALWAYS_SEARCH_USER_PATHS = NO;
				CLANG_CXX_LANGUAGE_STANDARD = "gnu++0x";
				CLANG_CXX_LIBRARY = "libc++";
				CLANG_ENABLE_MODULES = YES;
				CLANG_ENABLE_OBJC_ARC = YES;
				CLANG_WARN_BOOL_CONVERSION = YES;
				CLANG_WARN_CONSTANT_CONVERSION = YES;
				CLANG_WARN_DIRECT_OBJC_ISA_USAGE = YES_ERROR;
				CLANG_WARN_EMPTY_BODY = YES;
				CLANG_WARN_ENUM_CONVERSION = YES;
				CLANG_WARN_INT_CONVERSION = YES;
				CLANG_WARN_OBJC_ROOT_CLASS = YES_ERROR;
				CLANG_WARN__DUPLICATE_METHOD_MATCH = YES;
				"CODE_SIGN_IDENTITY[sdk=iphoneos*]" = "iPhone Developer";
				COPY_PHASE_STRIP = YES;
				ENABLE_NS_ASSERTIONS = NO;
				GCC_C_LANGUAGE_STANDARD = gnu99;
				GCC_WARN_64_TO_32_BIT_CONVERSION = YES;
				GCC_WARN_ABOUT_RETURN_TYPE = YES_ERROR;
				GCC_WARN_UNDECLARED_SELECTOR = YES;
				GCC_WARN_UNINITIALIZED_AUTOS = YES_AGGRESSIVE;
				GCC_WARN_UNUSED_FUNCTION = YES;
				GCC_WARN_UNUSED_VARIABLE = YES;
				IPHONEOS_DEPLOYMENT_TARGET = 7.1;
				SDKROOT = iphoneos;
				VALIDATE_PRODUCT = YES;
			};
			name = Release;
		};
		CBBA6892192FD646005A6949 /* Debug */ = {
			isa = XCBuildConfiguration;
			buildSettings = {
				ASSETCATALOG_COMPILER_APPICON_NAME = AppIcon;
				ASSETCATALOG_COMPILER_LAUNCHIMAGE_NAME = LaunchImage;
				GCC_PRECOMPILE_PREFIX_HEADER = YES;
				GCC_PREFIX_HEADER = "Headshot-ios/Headshot-ios-Prefix.pch";
				INFOPLIST_FILE = "Headshot-ios/Headshot-ios-Info.plist";
				PRODUCT_NAME = "$(TARGET_NAME)";
				WRAPPER_EXTENSION = app;
			};
			name = Debug;
		};
		CBBA6893192FD646005A6949 /* Release */ = {
			isa = XCBuildConfiguration;
			buildSettings = {
				ASSETCATALOG_COMPILER_APPICON_NAME = AppIcon;
				ASSETCATALOG_COMPILER_LAUNCHIMAGE_NAME = LaunchImage;
				GCC_PRECOMPILE_PREFIX_HEADER = YES;
				GCC_PREFIX_HEADER = "Headshot-ios/Headshot-ios-Prefix.pch";
				INFOPLIST_FILE = "Headshot-ios/Headshot-ios-Info.plist";
				PRODUCT_NAME = "$(TARGET_NAME)";
				WRAPPER_EXTENSION = app;
			};
			name = Release;
		};
		CBBA6895192FD646005A6949 /* Debug */ = {
			isa = XCBuildConfiguration;
			buildSettings = {
				BUNDLE_LOADER = "$(BUILT_PRODUCTS_DIR)/Headshot-ios.app/Headshot-ios";
				FRAMEWORK_SEARCH_PATHS = (
					"$(SDKROOT)/Developer/Library/Frameworks",
					"$(inherited)",
					"$(DEVELOPER_FRAMEWORKS_DIR)",
				);
				GCC_PRECOMPILE_PREFIX_HEADER = YES;
				GCC_PREFIX_HEADER = "Headshot-ios/Headshot-ios-Prefix.pch";
				GCC_PREPROCESSOR_DEFINITIONS = (
					"DEBUG=1",
					"$(inherited)",
				);
				INFOPLIST_FILE = "Headshot-iosTests/Headshot-iosTests-Info.plist";
				PRODUCT_NAME = "$(TARGET_NAME)";
				TEST_HOST = "$(BUNDLE_LOADER)";
				WRAPPER_EXTENSION = xctest;
			};
			name = Debug;
		};
		CBBA6896192FD646005A6949 /* Release */ = {
			isa = XCBuildConfiguration;
			buildSettings = {
				BUNDLE_LOADER = "$(BUILT_PRODUCTS_DIR)/Headshot-ios.app/Headshot-ios";
				FRAMEWORK_SEARCH_PATHS = (
					"$(SDKROOT)/Developer/Library/Frameworks",
					"$(inherited)",
					"$(DEVELOPER_FRAMEWORKS_DIR)",
				);
				GCC_PRECOMPILE_PREFIX_HEADER = YES;
				GCC_PREFIX_HEADER = "Headshot-ios/Headshot-ios-Prefix.pch";
				INFOPLIST_FILE = "Headshot-iosTests/Headshot-iosTests-Info.plist";
				PRODUCT_NAME = "$(TARGET_NAME)";
				TEST_HOST = "$(BUNDLE_LOADER)";
				WRAPPER_EXTENSION = xctest;
			};
			name = Release;
		};
/* End XCBuildConfiguration section */

/* Begin XCConfigurationList section */
		CBBA685A192FD646005A6949 /* Build configuration list for PBXProject "Headshot-ios" */ = {
			isa = XCConfigurationList;
			buildConfigurations = (
				CBBA688F192FD646005A6949 /* Debug */,
				CBBA6890192FD646005A6949 /* Release */,
			);
			defaultConfigurationIsVisible = 0;
			defaultConfigurationName = Release;
		};
		CBBA6891192FD646005A6949 /* Build configuration list for PBXNativeTarget "Headshot-ios" */ = {
			isa = XCConfigurationList;
			buildConfigurations = (
				CBBA6892192FD646005A6949 /* Debug */,
				CBBA6893192FD646005A6949 /* Release */,
			);
			defaultConfigurationIsVisible = 0;
		};
		CBBA6894192FD646005A6949 /* Build configuration list for PBXNativeTarget "Headshot-iosTests" */ = {
			isa = XCConfigurationList;
			buildConfigurations = (
				CBBA6895192FD646005A6949 /* Debug */,
				CBBA6896192FD646005A6949 /* Release */,
			);
			defaultConfigurationIsVisible = 0;
		};
/* End XCConfigurationList section */

/* Begin XCVersionGroup section */
		CBBA6876192FD646005A6949 /* Headshot_ios.xcdatamodeld */ = {
			isa = XCVersionGroup;
			children = (
				CBBA6877192FD646005A6949 /* Headshot_ios.xcdatamodel */,
			);
			currentVersion = CBBA6877192FD646005A6949 /* Headshot_ios.xcdatamodel */;
			path = Headshot_ios.xcdatamodeld;
			sourceTree = "<group>";
			versionGroupType = wrapper.xcdatamodel;
		};
/* End XCVersionGroup section */
	};
	rootObject = CBBA6857192FD646005A6949 /* Project object */;
}
